Microsoft Visual Studio Solution File, Format Version 12.00
# Visual Studio 15
VisualStudioVersion = 15.0.26730.10
MinimumVisualStudioVersion = 10.0.40219.1
Project("{6EC3EE1D-3C4E-46DD-8F32-0CC8E7565705}") = "PerryRhodan.AudiobookPlayer", "PerryRhodan.AudiobookPlayer\PerryRhodan.AudiobookPlayer.fsproj", "{0FB42400-27A6-4E57-B129-677353F40254}"
EndProject
Project("{F2A71F9B-5D33-465A-A702-920D77279786}") = "PerryRhodan.AudiobookPlayer.Android", "PerryRhodan.AudiobookPlayer.Android\PerryRhodan.AudiobookPlayer.Android.fsproj", "{1B3414F6-BB8C-4B05-8616-4029464FF20F}"
EndProject
Project("{F2A71F9B-5D33-465A-A702-920D77279786}") = "PerryRhodan.AudiobookPlayer.iOS", "PerryRhodan.AudiobookPlayer.iOS\PerryRhodan.AudiobookPlayer.iOS.fsproj", "{8A25F53F-62D0-4297-9CEF-5E9B01E342DB}"
EndProject
Project("{FAE04EC0-301F-11D3-BF4B-00C04F79EFBC}") = "PerryRhodan.AudiobookPlayer.Wpf", "PerryRhodan.AudiobookPlayer.Wpf\PerryRhodan.AudiobookPlayer.Wpf.csproj", "{776E5FF3-495E-46BB-9FBE-9873DD13F58C}"
EndProject
Global
	GlobalSection(SolutionConfigurationPlatforms) = preSolution
		Ad-Hoc|Any CPU = Ad-Hoc|Any CPU
		Ad-Hoc|ARM = Ad-Hoc|ARM
		Ad-Hoc|iPhone = Ad-Hoc|iPhone
		Ad-Hoc|iPhoneSimulator = Ad-Hoc|iPhoneSimulator
		Ad-Hoc|x64 = Ad-Hoc|x64
		Ad-Hoc|x86 = Ad-Hoc|x86
		AppStore|Any CPU = AppStore|Any CPU
		AppStore|ARM = AppStore|ARM
		AppStore|iPhone = AppStore|iPhone
		AppStore|iPhoneSimulator = AppStore|iPhoneSimulator
		AppStore|x64 = AppStore|x64
		AppStore|x86 = AppStore|x86
		Debug|Any CPU = Debug|Any CPU
		Debug|ARM = Debug|ARM
		Debug|iPhone = Debug|iPhone
		Debug|iPhoneSimulator = Debug|iPhoneSimulator
		Debug|x64 = Debug|x64
		Debug|x86 = Debug|x86
		Release|Any CPU = Release|Any CPU
		Release|ARM = Release|ARM
		Release|iPhone = Release|iPhone
		Release|iPhoneSimulator = Release|iPhoneSimulator
		Release|x64 = Release|x64
		Release|x86 = Release|x86
	EndGlobalSection
	GlobalSection(ProjectConfigurationPlatforms) = postSolution
		{0FB42400-27A6-4E57-B129-677353F40254}.Ad-Hoc|Any CPU.ActiveCfg = Debug|Any CPU
		{0FB42400-27A6-4E57-B129-677353F40254}.Ad-Hoc|Any CPU.Build.0 = Debug|Any CPU
		{0FB42400-27A6-4E57-B129-677353F40254}.Ad-Hoc|ARM.ActiveCfg = Debug|Any CPU
		{0FB42400-27A6-4E57-B129-677353F40254}.Ad-Hoc|ARM.Build.0 = Debug|Any CPU
		{0FB42400-27A6-4E57-B129-677353F40254}.Ad-Hoc|iPhone.ActiveCfg = Debug|Any CPU
		{0FB42400-27A6-4E57-B129-677353F40254}.Ad-Hoc|iPhone.Build.0 = Debug|Any CPU
		{0FB42400-27A6-4E57-B129-677353F40254}.Ad-Hoc|iPhoneSimulator.ActiveCfg = Debug|Any CPU
		{0FB42400-27A6-4E57-B129-677353F40254}.Ad-Hoc|iPhoneSimulator.Build.0 = Debug|Any CPU
		{0FB42400-27A6-4E57-B129-677353F40254}.Ad-Hoc|x64.ActiveCfg = Debug|Any CPU
		{0FB42400-27A6-4E57-B129-677353F40254}.Ad-Hoc|x64.Build.0 = Debug|Any CPU
		{0FB42400-27A6-4E57-B129-677353F40254}.Ad-Hoc|x86.ActiveCfg = Debug|Any CPU
		{0FB42400-27A6-4E57-B129-677353F40254}.Ad-Hoc|x86.Build.0 = Debug|Any CPU
		{0FB42400-27A6-4E57-B129-677353F40254}.AppStore|Any CPU.ActiveCfg = Debug|Any CPU
		{0FB42400-27A6-4E57-B129-677353F40254}.AppStore|Any CPU.Build.0 = Debug|Any CPU
		{0FB42400-27A6-4E57-B129-677353F40254}.AppStore|ARM.ActiveCfg = Debug|Any CPU
		{0FB42400-27A6-4E57-B129-677353F40254}.AppStore|ARM.Build.0 = Debug|Any CPU
		{0FB42400-27A6-4E57-B129-677353F40254}.AppStore|iPhone.ActiveCfg = Debug|Any CPU
		{0FB42400-27A6-4E57-B129-677353F40254}.AppStore|iPhone.Build.0 = Debug|Any CPU
		{0FB42400-27A6-4E57-B129-677353F40254}.AppStore|iPhoneSimulator.ActiveCfg = Debug|Any CPU
		{0FB42400-27A6-4E57-B129-677353F40254}.AppStore|iPhoneSimulator.Build.0 = Debug|Any CPU
		{0FB42400-27A6-4E57-B129-677353F40254}.AppStore|x64.ActiveCfg = Debug|Any CPU
		{0FB42400-27A6-4E57-B129-677353F40254}.AppStore|x64.Build.0 = Debug|Any CPU
		{0FB42400-27A6-4E57-B129-677353F40254}.AppStore|x86.ActiveCfg = Debug|Any CPU
		{0FB42400-27A6-4E57-B129-677353F40254}.AppStore|x86.Build.0 = Debug|Any CPU
		{0FB42400-27A6-4E57-B129-677353F40254}.Debug|Any CPU.ActiveCfg = Debug|Any CPU
		{0FB42400-27A6-4E57-B129-677353F40254}.Debug|Any CPU.Build.0 = Debug|Any CPU
		{0FB42400-27A6-4E57-B129-677353F40254}.Debug|ARM.ActiveCfg = Debug|Any CPU
		{0FB42400-27A6-4E57-B129-677353F40254}.Debug|ARM.Build.0 = Debug|Any CPU
		{0FB42400-27A6-4E57-B129-677353F40254}.Debug|iPhone.ActiveCfg = Debug|Any CPU
		{0FB42400-27A6-4E57-B129-677353F40254}.Debug|iPhone.Build.0 = Debug|Any CPU
		{0FB42400-27A6-4E57-B129-677353F40254}.Debug|iPhoneSimulator.ActiveCfg = Debug|Any CPU
		{0FB42400-27A6-4E57-B129-677353F40254}.Debug|iPhoneSimulator.Build.0 = Debug|Any CPU
		{0FB42400-27A6-4E57-B129-677353F40254}.Debug|x64.ActiveCfg = Debug|Any CPU
		{0FB42400-27A6-4E57-B129-677353F40254}.Debug|x64.Build.0 = Debug|Any CPU
		{0FB42400-27A6-4E57-B129-677353F40254}.Debug|x86.ActiveCfg = Debug|Any CPU
		{0FB42400-27A6-4E57-B129-677353F40254}.Debug|x86.Build.0 = Debug|Any CPU
		{0FB42400-27A6-4E57-B129-677353F40254}.Release|Any CPU.ActiveCfg = Release|Any CPU
		{0FB42400-27A6-4E57-B129-677353F40254}.Release|Any CPU.Build.0 = Release|Any CPU
		{0FB42400-27A6-4E57-B129-677353F40254}.Release|ARM.ActiveCfg = Release|Any CPU
		{0FB42400-27A6-4E57-B129-677353F40254}.Release|ARM.Build.0 = Release|Any CPU
		{0FB42400-27A6-4E57-B129-677353F40254}.Release|iPhone.ActiveCfg = Release|Any CPU
		{0FB42400-27A6-4E57-B129-677353F40254}.Release|iPhone.Build.0 = Release|Any CPU
		{0FB42400-27A6-4E57-B129-677353F40254}.Release|iPhoneSimulator.ActiveCfg = Release|Any CPU
		{0FB42400-27A6-4E57-B129-677353F40254}.Release|iPhoneSimulator.Build.0 = Release|Any CPU
		{0FB42400-27A6-4E57-B129-677353F40254}.Release|x64.ActiveCfg = Release|Any CPU
		{0FB42400-27A6-4E57-B129-677353F40254}.Release|x64.Build.0 = Release|Any CPU
		{0FB42400-27A6-4E57-B129-677353F40254}.Release|x86.ActiveCfg = Release|Any CPU
		{0FB42400-27A6-4E57-B129-677353F40254}.Release|x86.Build.0 = Release|Any CPU
		{1B3414F6-BB8C-4B05-8616-4029464FF20F}.Ad-Hoc|Any CPU.ActiveCfg = Release|Any CPU
		{1B3414F6-BB8C-4B05-8616-4029464FF20F}.Ad-Hoc|Any CPU.Build.0 = Release|Any CPU
		{1B3414F6-BB8C-4B05-8616-4029464FF20F}.Ad-Hoc|ARM.ActiveCfg = Release|Any CPU
		{1B3414F6-BB8C-4B05-8616-4029464FF20F}.Ad-Hoc|ARM.Build.0 = Release|Any CPU
		{1B3414F6-BB8C-4B05-8616-4029464FF20F}.Ad-Hoc|iPhone.ActiveCfg = Release|Any CPU
		{1B3414F6-BB8C-4B05-8616-4029464FF20F}.Ad-Hoc|iPhone.Build.0 = Release|Any CPU
		{1B3414F6-BB8C-4B05-8616-4029464FF20F}.Ad-Hoc|iPhoneSimulator.ActiveCfg = Release|Any CPU
		{1B3414F6-BB8C-4B05-8616-4029464FF20F}.Ad-Hoc|iPhoneSimulator.Build.0 = Release|Any CPU
		{1B3414F6-BB8C-4B05-8616-4029464FF20F}.Ad-Hoc|x64.ActiveCfg = Release|Any CPU
		{1B3414F6-BB8C-4B05-8616-4029464FF20F}.Ad-Hoc|x64.Build.0 = Release|Any CPU
		{1B3414F6-BB8C-4B05-8616-4029464FF20F}.Ad-Hoc|x86.ActiveCfg = Release|Any CPU
		{1B3414F6-BB8C-4B05-8616-4029464FF20F}.Ad-Hoc|x86.Build.0 = Release|Any CPU
		{1B3414F6-BB8C-4B05-8616-4029464FF20F}.AppStore|Any CPU.ActiveCfg = Release|Any CPU
		{1B3414F6-BB8C-4B05-8616-4029464FF20F}.AppStore|Any CPU.Build.0 = Release|Any CPU
		{1B3414F6-BB8C-4B05-8616-4029464FF20F}.AppStore|ARM.ActiveCfg = Release|Any CPU
		{1B3414F6-BB8C-4B05-8616-4029464FF20F}.AppStore|ARM.Build.0 = Release|Any CPU
		{1B3414F6-BB8C-4B05-8616-4029464FF20F}.AppStore|iPhone.ActiveCfg = Release|Any CPU
		{1B3414F6-BB8C-4B05-8616-4029464FF20F}.AppStore|iPhone.Build.0 = Release|Any CPU
		{1B3414F6-BB8C-4B05-8616-4029464FF20F}.AppStore|iPhoneSimulator.ActiveCfg = Release|Any CPU
		{1B3414F6-BB8C-4B05-8616-4029464FF20F}.AppStore|iPhoneSimulator.Build.0 = Release|Any CPU
		{1B3414F6-BB8C-4B05-8616-4029464FF20F}.AppStore|x64.ActiveCfg = Release|Any CPU
		{1B3414F6-BB8C-4B05-8616-4029464FF20F}.AppStore|x64.Build.0 = Release|Any CPU
		{1B3414F6-BB8C-4B05-8616-4029464FF20F}.AppStore|x86.ActiveCfg = Release|Any CPU
		{1B3414F6-BB8C-4B05-8616-4029464FF20F}.AppStore|x86.Build.0 = Release|Any CPU
		{1B3414F6-BB8C-4B05-8616-4029464FF20F}.Debug|Any CPU.ActiveCfg = Debug|Any CPU
		{1B3414F6-BB8C-4B05-8616-4029464FF20F}.Debug|Any CPU.Build.0 = Debug|Any CPU
		{1B3414F6-BB8C-4B05-8616-4029464FF20F}.Debug|Any CPU.Deploy.0 = Debug|Any CPU
		{1B3414F6-BB8C-4B05-8616-4029464FF20F}.Debug|ARM.ActiveCfg = Debug|Any CPU
		{1B3414F6-BB8C-4B05-8616-4029464FF20F}.Debug|ARM.Build.0 = Debug|Any CPU
		{1B3414F6-BB8C-4B05-8616-4029464FF20F}.Debug|iPhone.ActiveCfg = Debug|Any CPU
		{1B3414F6-BB8C-4B05-8616-4029464FF20F}.Debug|iPhone.Build.0 = Debug|Any CPU
		{1B3414F6-BB8C-4B05-8616-4029464FF20F}.Debug|iPhoneSimulator.ActiveCfg = Debug|Any CPU
		{1B3414F6-BB8C-4B05-8616-4029464FF20F}.Debug|iPhoneSimulator.Build.0 = Debug|Any CPU
		{1B3414F6-BB8C-4B05-8616-4029464FF20F}.Debug|x64.ActiveCfg = Debug|Any CPU
		{1B3414F6-BB8C-4B05-8616-4029464FF20F}.Debug|x64.Build.0 = Debug|Any CPU
		{1B3414F6-BB8C-4B05-8616-4029464FF20F}.Debug|x86.ActiveCfg = Debug|Any CPU
		{1B3414F6-BB8C-4B05-8616-4029464FF20F}.Debug|x86.Build.0 = Debug|Any CPU
		{1B3414F6-BB8C-4B05-8616-4029464FF20F}.Release|Any CPU.ActiveCfg = Release|Any CPU
		{1B3414F6-BB8C-4B05-8616-4029464FF20F}.Release|Any CPU.Build.0 = Release|Any CPU
		{1B3414F6-BB8C-4B05-8616-4029464FF20F}.Release|Any CPU.Deploy.0 = Release|Any CPU
		{1B3414F6-BB8C-4B05-8616-4029464FF20F}.Release|ARM.ActiveCfg = Release|Any CPU
		{1B3414F6-BB8C-4B05-8616-4029464FF20F}.Release|ARM.Build.0 = Release|Any CPU
		{1B3414F6-BB8C-4B05-8616-4029464FF20F}.Release|iPhone.ActiveCfg = Release|Any CPU
		{1B3414F6-BB8C-4B05-8616-4029464FF20F}.Release|iPhone.Build.0 = Release|Any CPU
		{1B3414F6-BB8C-4B05-8616-4029464FF20F}.Release|iPhoneSimulator.ActiveCfg = Release|Any CPU
		{1B3414F6-BB8C-4B05-8616-4029464FF20F}.Release|iPhoneSimulator.Build.0 = Release|Any CPU
		{1B3414F6-BB8C-4B05-8616-4029464FF20F}.Release|x64.ActiveCfg = Release|Any CPU
		{1B3414F6-BB8C-4B05-8616-4029464FF20F}.Release|x64.Build.0 = Release|Any CPU
		{1B3414F6-BB8C-4B05-8616-4029464FF20F}.Release|x86.ActiveCfg = Release|Any CPU
		{1B3414F6-BB8C-4B05-8616-4029464FF20F}.Release|x86.Build.0 = Release|Any CPU
		{8A25F53F-62D0-4297-9CEF-5E9B01E342DB}.Ad-Hoc|Any CPU.ActiveCfg = Ad-Hoc|iPhone
		{8A25F53F-62D0-4297-9CEF-5E9B01E342DB}.Ad-Hoc|ARM.ActiveCfg = Ad-Hoc|iPhone
		{8A25F53F-62D0-4297-9CEF-5E9B01E342DB}.Ad-Hoc|iPhone.ActiveCfg = Ad-Hoc|iPhone
		{8A25F53F-62D0-4297-9CEF-5E9B01E342DB}.Ad-Hoc|iPhone.Build.0 = Ad-Hoc|iPhone
		{8A25F53F-62D0-4297-9CEF-5E9B01E342DB}.Ad-Hoc|iPhoneSimulator.ActiveCfg = Ad-Hoc|iPhoneSimulator
		{8A25F53F-62D0-4297-9CEF-5E9B01E342DB}.Ad-Hoc|iPhoneSimulator.Build.0 = Ad-Hoc|iPhoneSimulator
		{8A25F53F-62D0-4297-9CEF-5E9B01E342DB}.Ad-Hoc|x64.ActiveCfg = Ad-Hoc|iPhone
		{8A25F53F-62D0-4297-9CEF-5E9B01E342DB}.Ad-Hoc|x86.ActiveCfg = Ad-Hoc|iPhone
		{8A25F53F-62D0-4297-9CEF-5E9B01E342DB}.AppStore|Any CPU.ActiveCfg = AppStore|iPhone
		{8A25F53F-62D0-4297-9CEF-5E9B01E342DB}.AppStore|ARM.ActiveCfg = AppStore|iPhone
		{8A25F53F-62D0-4297-9CEF-5E9B01E342DB}.AppStore|iPhone.ActiveCfg = AppStore|iPhone
		{8A25F53F-62D0-4297-9CEF-5E9B01E342DB}.AppStore|iPhone.Build.0 = AppStore|iPhone
		{8A25F53F-62D0-4297-9CEF-5E9B01E342DB}.AppStore|iPhoneSimulator.ActiveCfg = AppStore|iPhoneSimulator
		{8A25F53F-62D0-4297-9CEF-5E9B01E342DB}.AppStore|iPhoneSimulator.Build.0 = AppStore|iPhoneSimulator
		{8A25F53F-62D0-4297-9CEF-5E9B01E342DB}.AppStore|x64.ActiveCfg = AppStore|iPhone
		{8A25F53F-62D0-4297-9CEF-5E9B01E342DB}.AppStore|x86.ActiveCfg = AppStore|iPhone
		{8A25F53F-62D0-4297-9CEF-5E9B01E342DB}.Debug|Any CPU.ActiveCfg = Debug|iPhone
		{8A25F53F-62D0-4297-9CEF-5E9B01E342DB}.Debug|ARM.ActiveCfg = Debug|iPhone
		{8A25F53F-62D0-4297-9CEF-5E9B01E342DB}.Debug|iPhone.ActiveCfg = Debug|iPhone
		{8A25F53F-62D0-4297-9CEF-5E9B01E342DB}.Debug|iPhone.Build.0 = Debug|iPhone
		{8A25F53F-62D0-4297-9CEF-5E9B01E342DB}.Debug|iPhoneSimulator.ActiveCfg = Debug|iPhoneSimulator
		{8A25F53F-62D0-4297-9CEF-5E9B01E342DB}.Debug|iPhoneSimulator.Build.0 = Debug|iPhoneSimulator
		{8A25F53F-62D0-4297-9CEF-5E9B01E342DB}.Debug|x64.ActiveCfg = Debug|iPhone
		{8A25F53F-62D0-4297-9CEF-5E9B01E342DB}.Debug|x86.ActiveCfg = Debug|iPhone
		{8A25F53F-62D0-4297-9CEF-5E9B01E342DB}.Release|Any CPU.ActiveCfg = Release|iPhone
		{8A25F53F-62D0-4297-9CEF-5E9B01E342DB}.Release|ARM.ActiveCfg = Release|iPhone
		{8A25F53F-62D0-4297-9CEF-5E9B01E342DB}.Release|iPhone.ActiveCfg = Release|iPhone
		{8A25F53F-62D0-4297-9CEF-5E9B01E342DB}.Release|iPhone.Build.0 = Release|iPhone
		{8A25F53F-62D0-4297-9CEF-5E9B01E342DB}.Release|iPhoneSimulator.ActiveCfg = Release|iPhoneSimulator
		{8A25F53F-62D0-4297-9CEF-5E9B01E342DB}.Release|iPhoneSimulator.Build.0 = Release|iPhoneSimulator
		{8A25F53F-62D0-4297-9CEF-5E9B01E342DB}.Release|x64.ActiveCfg = Release|iPhone
		{8A25F53F-62D0-4297-9CEF-5E9B01E342DB}.Release|x86.ActiveCfg = Release|iPhone
		{776E5FF3-495E-46BB-9FBE-9873DD13F58C}.Ad-Hoc|Any CPU.ActiveCfg = Release|Any CPU
		{776E5FF3-495E-46BB-9FBE-9873DD13F58C}.Ad-Hoc|Any CPU.Build.0 = Release|Any CPU
		{776E5FF3-495E-46BB-9FBE-9873DD13F58C}.Ad-Hoc|ARM.ActiveCfg = Release|Any CPU
		{776E5FF3-495E-46BB-9FBE-9873DD13F58C}.Ad-Hoc|ARM.Build.0 = Release|Any CPU
		{776E5FF3-495E-46BB-9FBE-9873DD13F58C}.Ad-Hoc|iPhone.ActiveCfg = Release|Any CPU
		{776E5FF3-495E-46BB-9FBE-9873DD13F58C}.Ad-Hoc|iPhone.Build.0 = Release|Any CPU
		{776E5FF3-495E-46BB-9FBE-9873DD13F58C}.Ad-Hoc|iPhoneSimulator.ActiveCfg = Release|Any CPU
		{776E5FF3-495E-46BB-9FBE-9873DD13F58C}.Ad-Hoc|iPhoneSimulator.Build.0 = Release|Any CPU
		{776E5FF3-495E-46BB-9FBE-9873DD13F58C}.Ad-Hoc|x64.ActiveCfg = Release|Any CPU
		{776E5FF3-495E-46BB-9FBE-9873DD13F58C}.Ad-Hoc|x64.Build.0 = Release|Any CPU
		{776E5FF3-495E-46BB-9FBE-9873DD13F58C}.Ad-Hoc|x86.ActiveCfg = Release|Any CPU
		{776E5FF3-495E-46BB-9FBE-9873DD13F58C}.Ad-Hoc|x86.Build.0 = Release|Any CPU
		{776E5FF3-495E-46BB-9FBE-9873DD13F58C}.AppStore|Any CPU.ActiveCfg = Release|Any CPU
		{776E5FF3-495E-46BB-9FBE-9873DD13F58C}.AppStore|Any CPU.Build.0 = Release|Any CPU
		{776E5FF3-495E-46BB-9FBE-9873DD13F58C}.AppStore|ARM.ActiveCfg = Release|Any CPU
		{776E5FF3-495E-46BB-9FBE-9873DD13F58C}.AppStore|ARM.Build.0 = Release|Any CPU
		{776E5FF3-495E-46BB-9FBE-9873DD13F58C}.AppStore|iPhone.ActiveCfg = Release|Any CPU
		{776E5FF3-495E-46BB-9FBE-9873DD13F58C}.AppStore|iPhone.Build.0 = Release|Any CPU
		{776E5FF3-495E-46BB-9FBE-9873DD13F58C}.AppStore|iPhoneSimulator.ActiveCfg = Release|Any CPU
		{776E5FF3-495E-46BB-9FBE-9873DD13F58C}.AppStore|iPhoneSimulator.Build.0 = Release|Any CPU
		{776E5FF3-495E-46BB-9FBE-9873DD13F58C}.AppStore|x64.ActiveCfg = Release|Any CPU
		{776E5FF3-495E-46BB-9FBE-9873DD13F58C}.AppStore|x64.Build.0 = Release|Any CPU
		{776E5FF3-495E-46BB-9FBE-9873DD13F58C}.AppStore|x86.ActiveCfg = Release|Any CPU
		{776E5FF3-495E-46BB-9FBE-9873DD13F58C}.AppStore|x86.Build.0 = Release|Any CPU
		{776E5FF3-495E-46BB-9FBE-9873DD13F58C}.Debug|Any CPU.ActiveCfg = Debug|Any CPU
		{776E5FF3-495E-46BB-9FBE-9873DD13F58C}.Debug|Any CPU.Build.0 = Debug|Any CPU
		{776E5FF3-495E-46BB-9FBE-9873DD13F58C}.Debug|ARM.ActiveCfg = Debug|Any CPU
		{776E5FF3-495E-46BB-9FBE-9873DD13F58C}.Debug|ARM.Build.0 = Debug|Any CPU
		{776E5FF3-495E-46BB-9FBE-9873DD13F58C}.Debug|iPhone.ActiveCfg = Debug|Any CPU
		{776E5FF3-495E-46BB-9FBE-9873DD13F58C}.Debug|iPhone.Build.0 = Debug|Any CPU
		{776E5FF3-495E-46BB-9FBE-9873DD13F58C}.Debug|iPhoneSimulator.ActiveCfg = Debug|Any CPU
		{776E5FF3-495E-46BB-9FBE-9873DD13F58C}.Debug|iPhoneSimulator.Build.0 = Debug|Any CPU
		{776E5FF3-495E-46BB-9FBE-9873DD13F58C}.Debug|x64.ActiveCfg = Debug|Any CPU
		{776E5FF3-495E-46BB-9FBE-9873DD13F58C}.Debug|x64.Build.0 = Debug|Any CPU
		{776E5FF3-495E-46BB-9FBE-9873DD13F58C}.Debug|x86.ActiveCfg = Debug|Any CPU
		{776E5FF3-495E-46BB-9FBE-9873DD13F58C}.Debug|x86.Build.0 = Debug|Any CPU
		{776E5FF3-495E-46BB-9FBE-9873DD13F58C}.Release|Any CPU.ActiveCfg = Release|Any CPU
		{776E5FF3-495E-46BB-9FBE-9873DD13F58C}.Release|Any CPU.Build.0 = Release|Any CPU
		{776E5FF3-495E-46BB-9FBE-9873DD13F58C}.Release|ARM.ActiveCfg = Release|Any CPU
		{776E5FF3-495E-46BB-9FBE-9873DD13F58C}.Release|ARM.Build.0 = Release|Any CPU
		{776E5FF3-495E-46BB-9FBE-9873DD13F58C}.Release|iPhone.ActiveCfg = Release|Any CPU
		{776E5FF3-495E-46BB-9FBE-9873DD13F58C}.Release|iPhone.Build.0 = Release|Any CPU
		{776E5FF3-495E-46BB-9FBE-9873DD13F58C}.Release|iPhoneSimulator.ActiveCfg = Release|Any CPU
		{776E5FF3-495E-46BB-9FBE-9873DD13F58C}.Release|iPhoneSimulator.Build.0 = Release|Any CPU
		{776E5FF3-495E-46BB-9FBE-9873DD13F58C}.Release|x64.ActiveCfg = Release|Any CPU
		{776E5FF3-495E-46BB-9FBE-9873DD13F58C}.Release|x64.Build.0 = Release|Any CPU
		{776E5FF3-495E-46BB-9FBE-9873DD13F58C}.Release|x86.ActiveCfg = Release|Any CPU
		{776E5FF3-495E-46BB-9FBE-9873DD13F58C}.Release|x86.Build.0 = Release|Any CPU
	EndGlobalSection
	GlobalSection(SolutionProperties) = preSolution
		HideSolutionNode = FALSE
	EndGlobalSection
	GlobalSection(ExtensibilityGlobals) = postSolution
		SolutionGuid = {F6D05029-56B8-4E45-AF2D-0E76295DDBA2}
	EndGlobalSection
EndGlobal
