Microsoft Visual Studio Solution File, Format Version 12.00
# Visual Studio Version 17
VisualStudioVersion = 17.0.31825.309
MinimumVisualStudioVersion = 10.0.40219.1
Project("{6EC3EE1D-3C4E-46DD-8F32-0CC8E7565705}") = "PerryRhodan.AudiobookPlayer", "PerryRhodan.AudiobookPlayer\PerryRhodan.AudiobookPlayer.fsproj", "{96104C25-7B9A-45AA-A094-F7F229E5B027}"
EndProject
Project("{F2A71F9B-5D33-465A-A702-920D77279786}") = "PerryRhodan.AudiobookPlayer.Android", "PerryRhodan.AudiobookPlayer.Android\PerryRhodan.AudiobookPlayer.Android.fsproj", "{FFA2B18B-013D-4515-B636-86FB0A56CCD7}"
EndProject
Project("{2150E333-8FDC-42A3-9474-1A3956D46DE8}") = "Next", "Next", "{F73D9E86-D95B-475B-BFA4-DD29B2E9BC85}"
EndProject
Global
	GlobalSection(SolutionConfigurationPlatforms) = preSolution
		Ad-Hoc|Any CPU = Ad-Hoc|Any CPU
		Ad-Hoc|ARM = Ad-Hoc|ARM
		Ad-Hoc|iPhone = Ad-Hoc|iPhone
		Ad-Hoc|iPhoneSimulator = Ad-Hoc|iPhoneSimulator
		Ad-Hoc|x64 = Ad-Hoc|x64
		Ad-Hoc|x86 = Ad-Hoc|x86
		AppStore|Any CPU = AppStore|Any CPU
		AppStore|ARM = AppStore|ARM
		AppStore|iPhone = AppStore|iPhone
		AppStore|iPhoneSimulator = AppStore|iPhoneSimulator
		AppStore|x64 = AppStore|x64
		AppStore|x86 = AppStore|x86
		Debug|Any CPU = Debug|Any CPU
		Debug|ARM = Debug|ARM
		Debug|iPhone = Debug|iPhone
		Debug|iPhoneSimulator = Debug|iPhoneSimulator
		Debug|x64 = Debug|x64
		Debug|x86 = Debug|x86
		Release|Any CPU = Release|Any CPU
		Release|ARM = Release|ARM
		Release|iPhone = Release|iPhone
		Release|iPhoneSimulator = Release|iPhoneSimulator
		Release|x64 = Release|x64
		Release|x86 = Release|x86
	EndGlobalSection
	GlobalSection(ProjectConfigurationPlatforms) = postSolution
		{96104C25-7B9A-45AA-A094-F7F229E5B027}.Ad-Hoc|Any CPU.ActiveCfg = Debug|Any CPU
		{96104C25-7B9A-45AA-A094-F7F229E5B027}.Ad-Hoc|Any CPU.Build.0 = Debug|Any CPU
		{96104C25-7B9A-45AA-A094-F7F229E5B027}.Ad-Hoc|ARM.ActiveCfg = Debug|Any CPU
		{96104C25-7B9A-45AA-A094-F7F229E5B027}.Ad-Hoc|ARM.Build.0 = Debug|Any CPU
		{96104C25-7B9A-45AA-A094-F7F229E5B027}.Ad-Hoc|iPhone.ActiveCfg = Debug|Any CPU
		{96104C25-7B9A-45AA-A094-F7F229E5B027}.Ad-Hoc|iPhone.Build.0 = Debug|Any CPU
		{96104C25-7B9A-45AA-A094-F7F229E5B027}.Ad-Hoc|iPhoneSimulator.ActiveCfg = Debug|Any CPU
		{96104C25-7B9A-45AA-A094-F7F229E5B027}.Ad-Hoc|iPhoneSimulator.Build.0 = Debug|Any CPU
		{96104C25-7B9A-45AA-A094-F7F229E5B027}.Ad-Hoc|x64.ActiveCfg = Debug|Any CPU
		{96104C25-7B9A-45AA-A094-F7F229E5B027}.Ad-Hoc|x64.Build.0 = Debug|Any CPU
		{96104C25-7B9A-45AA-A094-F7F229E5B027}.Ad-Hoc|x86.ActiveCfg = Debug|Any CPU
		{96104C25-7B9A-45AA-A094-F7F229E5B027}.Ad-Hoc|x86.Build.0 = Debug|Any CPU
		{96104C25-7B9A-45AA-A094-F7F229E5B027}.AppStore|Any CPU.ActiveCfg = Debug|Any CPU
		{96104C25-7B9A-45AA-A094-F7F229E5B027}.AppStore|Any CPU.Build.0 = Debug|Any CPU
		{96104C25-7B9A-45AA-A094-F7F229E5B027}.AppStore|ARM.ActiveCfg = Debug|Any CPU
		{96104C25-7B9A-45AA-A094-F7F229E5B027}.AppStore|ARM.Build.0 = Debug|Any CPU
		{96104C25-7B9A-45AA-A094-F7F229E5B027}.AppStore|iPhone.ActiveCfg = Debug|Any CPU
		{96104C25-7B9A-45AA-A094-F7F229E5B027}.AppStore|iPhone.Build.0 = Debug|Any CPU
		{96104C25-7B9A-45AA-A094-F7F229E5B027}.AppStore|iPhoneSimulator.ActiveCfg = Debug|Any CPU
		{96104C25-7B9A-45AA-A094-F7F229E5B027}.AppStore|iPhoneSimulator.Build.0 = Debug|Any CPU
		{96104C25-7B9A-45AA-A094-F7F229E5B027}.AppStore|x64.ActiveCfg = Debug|Any CPU
		{96104C25-7B9A-45AA-A094-F7F229E5B027}.AppStore|x64.Build.0 = Debug|Any CPU
		{96104C25-7B9A-45AA-A094-F7F229E5B027}.AppStore|x86.ActiveCfg = Debug|Any CPU
		{96104C25-7B9A-45AA-A094-F7F229E5B027}.AppStore|x86.Build.0 = Debug|Any CPU
		{96104C25-7B9A-45AA-A094-F7F229E5B027}.Debug|Any CPU.ActiveCfg = Debug|Any CPU
		{96104C25-7B9A-45AA-A094-F7F229E5B027}.Debug|Any CPU.Build.0 = Debug|Any CPU
		{96104C25-7B9A-45AA-A094-F7F229E5B027}.Debug|ARM.ActiveCfg = Debug|Any CPU
		{96104C25-7B9A-45AA-A094-F7F229E5B027}.Debug|ARM.Build.0 = Debug|Any CPU
		{96104C25-7B9A-45AA-A094-F7F229E5B027}.Debug|iPhone.ActiveCfg = Debug|Any CPU
		{96104C25-7B9A-45AA-A094-F7F229E5B027}.Debug|iPhone.Build.0 = Debug|Any CPU
		{96104C25-7B9A-45AA-A094-F7F229E5B027}.Debug|iPhoneSimulator.ActiveCfg = Debug|Any CPU
		{96104C25-7B9A-45AA-A094-F7F229E5B027}.Debug|iPhoneSimulator.Build.0 = Debug|Any CPU
		{96104C25-7B9A-45AA-A094-F7F229E5B027}.Debug|x64.ActiveCfg = Debug|Any CPU
		{96104C25-7B9A-45AA-A094-F7F229E5B027}.Debug|x64.Build.0 = Debug|Any CPU
		{96104C25-7B9A-45AA-A094-F7F229E5B027}.Debug|x86.ActiveCfg = Debug|Any CPU
		{96104C25-7B9A-45AA-A094-F7F229E5B027}.Debug|x86.Build.0 = Debug|Any CPU
		{96104C25-7B9A-45AA-A094-F7F229E5B027}.Release|Any CPU.ActiveCfg = Release|Any CPU
		{96104C25-7B9A-45AA-A094-F7F229E5B027}.Release|Any CPU.Build.0 = Release|Any CPU
		{96104C25-7B9A-45AA-A094-F7F229E5B027}.Release|ARM.ActiveCfg = Release|Any CPU
		{96104C25-7B9A-45AA-A094-F7F229E5B027}.Release|ARM.Build.0 = Release|Any CPU
		{96104C25-7B9A-45AA-A094-F7F229E5B027}.Release|iPhone.ActiveCfg = Release|Any CPU
		{96104C25-7B9A-45AA-A094-F7F229E5B027}.Release|iPhone.Build.0 = Release|Any CPU
		{96104C25-7B9A-45AA-A094-F7F229E5B027}.Release|iPhoneSimulator.ActiveCfg = Release|Any CPU
		{96104C25-7B9A-45AA-A094-F7F229E5B027}.Release|iPhoneSimulator.Build.0 = Release|Any CPU
		{96104C25-7B9A-45AA-A094-F7F229E5B027}.Release|x64.ActiveCfg = Release|Any CPU
		{96104C25-7B9A-45AA-A094-F7F229E5B027}.Release|x64.Build.0 = Release|Any CPU
		{96104C25-7B9A-45AA-A094-F7F229E5B027}.Release|x86.ActiveCfg = Release|Any CPU
		{96104C25-7B9A-45AA-A094-F7F229E5B027}.Release|x86.Build.0 = Release|Any CPU
		{FFA2B18B-013D-4515-B636-86FB0A56CCD7}.Ad-Hoc|Any CPU.ActiveCfg = Release|Any CPU
		{FFA2B18B-013D-4515-B636-86FB0A56CCD7}.Ad-Hoc|Any CPU.Build.0 = Release|Any CPU
		{FFA2B18B-013D-4515-B636-86FB0A56CCD7}.Ad-Hoc|ARM.ActiveCfg = Release|Any CPU
		{FFA2B18B-013D-4515-B636-86FB0A56CCD7}.Ad-Hoc|ARM.Build.0 = Release|Any CPU
		{FFA2B18B-013D-4515-B636-86FB0A56CCD7}.Ad-Hoc|iPhone.ActiveCfg = Release|Any CPU
		{FFA2B18B-013D-4515-B636-86FB0A56CCD7}.Ad-Hoc|iPhone.Build.0 = Release|Any CPU
		{FFA2B18B-013D-4515-B636-86FB0A56CCD7}.Ad-Hoc|iPhoneSimulator.ActiveCfg = Release|Any CPU
		{FFA2B18B-013D-4515-B636-86FB0A56CCD7}.Ad-Hoc|iPhoneSimulator.Build.0 = Release|Any CPU
		{FFA2B18B-013D-4515-B636-86FB0A56CCD7}.Ad-Hoc|x64.ActiveCfg = Release|Any CPU
		{FFA2B18B-013D-4515-B636-86FB0A56CCD7}.Ad-Hoc|x64.Build.0 = Release|Any CPU
		{FFA2B18B-013D-4515-B636-86FB0A56CCD7}.Ad-Hoc|x86.ActiveCfg = Release|Any CPU
		{FFA2B18B-013D-4515-B636-86FB0A56CCD7}.Ad-Hoc|x86.Build.0 = Release|Any CPU
		{FFA2B18B-013D-4515-B636-86FB0A56CCD7}.AppStore|Any CPU.ActiveCfg = Release|Any CPU
		{FFA2B18B-013D-4515-B636-86FB0A56CCD7}.AppStore|Any CPU.Build.0 = Release|Any CPU
		{FFA2B18B-013D-4515-B636-86FB0A56CCD7}.AppStore|ARM.ActiveCfg = Release|Any CPU
		{FFA2B18B-013D-4515-B636-86FB0A56CCD7}.AppStore|ARM.Build.0 = Release|Any CPU
		{FFA2B18B-013D-4515-B636-86FB0A56CCD7}.AppStore|iPhone.ActiveCfg = Release|Any CPU
		{FFA2B18B-013D-4515-B636-86FB0A56CCD7}.AppStore|iPhone.Build.0 = Release|Any CPU
		{FFA2B18B-013D-4515-B636-86FB0A56CCD7}.AppStore|iPhoneSimulator.ActiveCfg = Release|Any CPU
		{FFA2B18B-013D-4515-B636-86FB0A56CCD7}.AppStore|iPhoneSimulator.Build.0 = Release|Any CPU
		{FFA2B18B-013D-4515-B636-86FB0A56CCD7}.AppStore|x64.ActiveCfg = Release|Any CPU
		{FFA2B18B-013D-4515-B636-86FB0A56CCD7}.AppStore|x64.Build.0 = Release|Any CPU
		{FFA2B18B-013D-4515-B636-86FB0A56CCD7}.AppStore|x86.ActiveCfg = Release|Any CPU
		{FFA2B18B-013D-4515-B636-86FB0A56CCD7}.AppStore|x86.Build.0 = Release|Any CPU
		{FFA2B18B-013D-4515-B636-86FB0A56CCD7}.Debug|Any CPU.ActiveCfg = Debug|Any CPU
		{FFA2B18B-013D-4515-B636-86FB0A56CCD7}.Debug|Any CPU.Build.0 = Debug|Any CPU
		{FFA2B18B-013D-4515-B636-86FB0A56CCD7}.Debug|Any CPU.Deploy.0 = Debug|Any CPU
		{FFA2B18B-013D-4515-B636-86FB0A56CCD7}.Debug|ARM.ActiveCfg = Debug|Any CPU
		{FFA2B18B-013D-4515-B636-86FB0A56CCD7}.Debug|ARM.Build.0 = Debug|Any CPU
		{FFA2B18B-013D-4515-B636-86FB0A56CCD7}.Debug|iPhone.ActiveCfg = Debug|Any CPU
		{FFA2B18B-013D-4515-B636-86FB0A56CCD7}.Debug|iPhone.Build.0 = Debug|Any CPU
		{FFA2B18B-013D-4515-B636-86FB0A56CCD7}.Debug|iPhoneSimulator.ActiveCfg = Debug|Any CPU
		{FFA2B18B-013D-4515-B636-86FB0A56CCD7}.Debug|iPhoneSimulator.Build.0 = Debug|Any CPU
		{FFA2B18B-013D-4515-B636-86FB0A56CCD7}.Debug|x64.ActiveCfg = Debug|Any CPU
		{FFA2B18B-013D-4515-B636-86FB0A56CCD7}.Debug|x64.Build.0 = Debug|Any CPU
		{FFA2B18B-013D-4515-B636-86FB0A56CCD7}.Debug|x86.ActiveCfg = Debug|Any CPU
		{FFA2B18B-013D-4515-B636-86FB0A56CCD7}.Debug|x86.Build.0 = Debug|Any CPU
		{FFA2B18B-013D-4515-B636-86FB0A56CCD7}.Release|Any CPU.ActiveCfg = Release|Any CPU
		{FFA2B18B-013D-4515-B636-86FB0A56CCD7}.Release|Any CPU.Build.0 = Release|Any CPU
		{FFA2B18B-013D-4515-B636-86FB0A56CCD7}.Release|Any CPU.Deploy.0 = Release|Any CPU
		{FFA2B18B-013D-4515-B636-86FB0A56CCD7}.Release|ARM.ActiveCfg = Release|Any CPU
		{FFA2B18B-013D-4515-B636-86FB0A56CCD7}.Release|ARM.Build.0 = Release|Any CPU
		{FFA2B18B-013D-4515-B636-86FB0A56CCD7}.Release|iPhone.ActiveCfg = Release|Any CPU
		{FFA2B18B-013D-4515-B636-86FB0A56CCD7}.Release|iPhone.Build.0 = Release|Any CPU
		{FFA2B18B-013D-4515-B636-86FB0A56CCD7}.Release|iPhoneSimulator.ActiveCfg = Release|Any CPU
		{FFA2B18B-013D-4515-B636-86FB0A56CCD7}.Release|iPhoneSimulator.Build.0 = Release|Any CPU
		{FFA2B18B-013D-4515-B636-86FB0A56CCD7}.Release|x64.ActiveCfg = Release|Any CPU
		{FFA2B18B-013D-4515-B636-86FB0A56CCD7}.Release|x64.Build.0 = Release|Any CPU
		{FFA2B18B-013D-4515-B636-86FB0A56CCD7}.Release|x86.ActiveCfg = Release|Any CPU
		{FFA2B18B-013D-4515-B636-86FB0A56CCD7}.Release|x86.Build.0 = Release|Any CPU
	EndGlobalSection
	GlobalSection(SolutionProperties) = preSolution
		HideSolutionNode = FALSE
	EndGlobalSection
	GlobalSection(ExtensibilityGlobals) = postSolution
		SolutionGuid = {F6D05029-56B8-4E45-AF2D-0E76295DDBA2}
	EndGlobalSection
EndGlobal
