
Microsoft Visual Studio Solution File, Format Version 12.00
# Visual Studio 15
VisualStudioVersion = 15.0.26730.10
MinimumVisualStudioVersion = 10.0.40219.1

Project("{6EC3EE1D-3C4E-46DD-8F32-0CC8E7565705}") = "PerryRhodan.AudiobookPlayer", "PerryRhodan.AudiobookPlayer\PerryRhodan.AudiobookPlayer.fsproj", "{96104C25-7B9A-45AA-A094-F7F229E5B027}"
EndProject

Project("{F2A71F9B-5D33-465A-A702-920D77279786}") = "PerryRhodan.AudiobookPlayer.Android", "PerryRhodan.AudiobookPlayer.Android\PerryRhodan.AudiobookPlayer.Android.fsproj", "{FFA2B18B-013D-4515-B636-86FB0A56CCD7}"
EndProject






Global
	GlobalSection(SolutionConfigurationPlatforms) = preSolution
		Ad-Hoc|Any CPU = Ad-Hoc|Any CPU
		Ad-Hoc|ARM = Ad-Hoc|ARM
		Ad-Hoc|iPhone = Ad-Hoc|iPhone
		Ad-Hoc|iPhoneSimulator = Ad-Hoc|iPhoneSimulator
		Ad-Hoc|x64 = Ad-Hoc|x64
		Ad-Hoc|x86 = Ad-Hoc|x86
		AppStore|Any CPU = AppStore|Any CPU
		AppStore|ARM = AppStore|ARM
		AppStore|iPhone = AppStore|iPhone
		AppStore|iPhoneSimulator = AppStore|iPhoneSimulator
		AppStore|x64 = AppStore|x64
		AppStore|x86 = AppStore|x86
		Debug|Any CPU = Debug|Any CPU
		Debug|ARM = Debug|ARM
		Debug|iPhone = Debug|iPhone
		Debug|iPhoneSimulator = Debug|iPhoneSimulator
		Debug|x64 = Debug|x64
		Debug|x86 = Debug|x86
		Release|Any CPU = Release|Any CPU
		Release|ARM = Release|ARM
		Release|iPhone = Release|iPhone
		Release|iPhoneSimulator = Release|iPhoneSimulator
		Release|x64 = Release|x64
		Release|x86 = Release|x86
	EndGlobalSection
	GlobalSection(ProjectConfigurationPlatforms) = postSolution
		{96104C25-7B9A-45AA-A094-F7F229E5B027}.Ad-Hoc|Any CPU.ActiveCfg = Debug|Any CPU
		{96104C25-7B9A-45AA-A094-F7F229E5B027}.Ad-Hoc|Any CPU.Build.0 = Debug|Any CPU
		{96104C25-7B9A-45AA-A094-F7F229E5B027}.Ad-Hoc|ARM.ActiveCfg = Debug|Any CPU
		{96104C25-7B9A-45AA-A094-F7F229E5B027}.Ad-Hoc|ARM.Build.0 = Debug|Any CPU
		{96104C25-7B9A-45AA-A094-F7F229E5B027}.Ad-Hoc|iPhone.ActiveCfg = Debug|Any CPU
		{96104C25-7B9A-45AA-A094-F7F229E5B027}.Ad-Hoc|iPhone.Build.0 = Debug|Any CPU
		{96104C25-7B9A-45AA-A094-F7F229E5B027}.Ad-Hoc|iPhoneSimulator.ActiveCfg = Debug|Any CPU
		{96104C25-7B9A-45AA-A094-F7F229E5B027}.Ad-Hoc|iPhoneSimulator.Build.0 = Debug|Any CPU
		{96104C25-7B9A-45AA-A094-F7F229E5B027}.Ad-Hoc|x64.ActiveCfg = Debug|Any CPU
		{96104C25-7B9A-45AA-A094-F7F229E5B027}.Ad-Hoc|x64.Build.0 = Debug|Any CPU
		{96104C25-7B9A-45AA-A094-F7F229E5B027}.Ad-Hoc|x86.ActiveCfg = Debug|Any CPU
		{96104C25-7B9A-45AA-A094-F7F229E5B027}.Ad-Hoc|x86.Build.0 = Debug|Any CPU
		{96104C25-7B9A-45AA-A094-F7F229E5B027}.AppStore|Any CPU.ActiveCfg = Debug|Any CPU
		{96104C25-7B9A-45AA-A094-F7F229E5B027}.AppStore|Any CPU.Build.0 = Debug|Any CPU
		{96104C25-7B9A-45AA-A094-F7F229E5B027}.AppStore|ARM.ActiveCfg = Debug|Any CPU
		{96104C25-7B9A-45AA-A094-F7F229E5B027}.AppStore|ARM.Build.0 = Debug|Any CPU
		{96104C25-7B9A-45AA-A094-F7F229E5B027}.AppStore|iPhone.ActiveCfg = Debug|Any CPU
		{96104C25-7B9A-45AA-A094-F7F229E5B027}.AppStore|iPhone.Build.0 = Debug|Any CPU
		{96104C25-7B9A-45AA-A094-F7F229E5B027}.AppStore|iPhoneSimulator.ActiveCfg = Debug|Any CPU
		{96104C25-7B9A-45AA-A094-F7F229E5B027}.AppStore|iPhoneSimulator.Build.0 = Debug|Any CPU
		{96104C25-7B9A-45AA-A094-F7F229E5B027}.AppStore|x64.ActiveCfg = Debug|Any CPU
		{96104C25-7B9A-45AA-A094-F7F229E5B027}.AppStore|x64.Build.0 = Debug|Any CPU
		{96104C25-7B9A-45AA-A094-F7F229E5B027}.AppStore|x86.ActiveCfg = Debug|Any CPU
		{96104C25-7B9A-45AA-A094-F7F229E5B027}.AppStore|x86.Build.0 = Debug|Any CPU
		{96104C25-7B9A-45AA-A094-F7F229E5B027}.Debug|Any CPU.ActiveCfg = Debug|Any CPU
		{96104C25-7B9A-45AA-A094-F7F229E5B027}.Debug|Any CPU.Build.0 = Debug|Any CPU
		{96104C25-7B9A-45AA-A094-F7F229E5B027}.Debug|ARM.ActiveCfg = Debug|Any CPU
		{96104C25-7B9A-45AA-A094-F7F229E5B027}.Debug|ARM.Build.0 = Debug|Any CPU
		{96104C25-7B9A-45AA-A094-F7F229E5B027}.Debug|iPhone.ActiveCfg = Debug|Any CPU
		{96104C25-7B9A-45AA-A094-F7F229E5B027}.Debug|iPhone.Build.0 = Debug|Any CPU
		{96104C25-7B9A-45AA-A094-F7F229E5B027}.Debug|iPhoneSimulator.ActiveCfg = Debug|Any CPU
		{96104C25-7B9A-45AA-A094-F7F229E5B027}.Debug|iPhoneSimulator.Build.0 = Debug|Any CPU
		{96104C25-7B9A-45AA-A094-F7F229E5B027}.Debug|x64.ActiveCfg = Debug|Any CPU
		{96104C25-7B9A-45AA-A094-F7F229E5B027}.Debug|x64.Build.0 = Debug|Any CPU
		{96104C25-7B9A-45AA-A094-F7F229E5B027}.Debug|x86.ActiveCfg = Debug|Any CPU
		{96104C25-7B9A-45AA-A094-F7F229E5B027}.Debug|x86.Build.0 = Debug|Any CPU
		{96104C25-7B9A-45AA-A094-F7F229E5B027}.Release|Any CPU.ActiveCfg = Release|Any CPU
		{96104C25-7B9A-45AA-A094-F7F229E5B027}.Release|Any CPU.Build.0 = Release|Any CPU
		{96104C25-7B9A-45AA-A094-F7F229E5B027}.Release|ARM.ActiveCfg = Release|Any CPU
		{96104C25-7B9A-45AA-A094-F7F229E5B027}.Release|ARM.Build.0 = Release|Any CPU
		{96104C25-7B9A-45AA-A094-F7F229E5B027}.Release|iPhone.ActiveCfg = Release|Any CPU
		{96104C25-7B9A-45AA-A094-F7F229E5B027}.Release|iPhone.Build.0 = Release|Any CPU
		{96104C25-7B9A-45AA-A094-F7F229E5B027}.Release|iPhoneSimulator.ActiveCfg = Release|Any CPU
		{96104C25-7B9A-45AA-A094-F7F229E5B027}.Release|iPhoneSimulator.Build.0 = Release|Any CPU
		{96104C25-7B9A-45AA-A094-F7F229E5B027}.Release|x64.ActiveCfg = Release|Any CPU
		{96104C25-7B9A-45AA-A094-F7F229E5B027}.Release|x64.Build.0 = Release|Any CPU
		{96104C25-7B9A-45AA-A094-F7F229E5B027}.Release|x86.ActiveCfg = Release|Any CPU
		{96104C25-7B9A-45AA-A094-F7F229E5B027}.Release|x86.Build.0 = Release|Any CPU
		{77ED76EE-FBDC-4D9D-A748-9DCF5AC9AC6D}.Ad-Hoc|Any CPU.ActiveCfg = Ad-Hoc|iPhone
		{77ED76EE-FBDC-4D9D-A748-9DCF5AC9AC6D}.Ad-Hoc|ARM.ActiveCfg = Ad-Hoc|iPhone
		{77ED76EE-FBDC-4D9D-A748-9DCF5AC9AC6D}.Ad-Hoc|iPhone.ActiveCfg = Ad-Hoc|iPhone
		{77ED76EE-FBDC-4D9D-A748-9DCF5AC9AC6D}.Ad-Hoc|iPhone.Build.0 = Ad-Hoc|iPhone
		{77ED76EE-FBDC-4D9D-A748-9DCF5AC9AC6D}.Ad-Hoc|iPhoneSimulator.ActiveCfg = Ad-Hoc|iPhoneSimulator
		{77ED76EE-FBDC-4D9D-A748-9DCF5AC9AC6D}.Ad-Hoc|iPhoneSimulator.Build.0 = Ad-Hoc|iPhoneSimulator
		{77ED76EE-FBDC-4D9D-A748-9DCF5AC9AC6D}.Ad-Hoc|x64.ActiveCfg = Ad-Hoc|iPhone
		{77ED76EE-FBDC-4D9D-A748-9DCF5AC9AC6D}.Ad-Hoc|x86.ActiveCfg = Ad-Hoc|iPhone
		{77ED76EE-FBDC-4D9D-A748-9DCF5AC9AC6D}.AppStore|Any CPU.ActiveCfg = AppStore|iPhone
		{77ED76EE-FBDC-4D9D-A748-9DCF5AC9AC6D}.AppStore|ARM.ActiveCfg = AppStore|iPhone
		{77ED76EE-FBDC-4D9D-A748-9DCF5AC9AC6D}.AppStore|iPhone.ActiveCfg = AppStore|iPhone
		{77ED76EE-FBDC-4D9D-A748-9DCF5AC9AC6D}.AppStore|iPhone.Build.0 = AppStore|iPhone
		{77ED76EE-FBDC-4D9D-A748-9DCF5AC9AC6D}.AppStore|iPhoneSimulator.ActiveCfg = AppStore|iPhoneSimulator
		{77ED76EE-FBDC-4D9D-A748-9DCF5AC9AC6D}.AppStore|iPhoneSimulator.Build.0 = AppStore|iPhoneSimulator
		{77ED76EE-FBDC-4D9D-A748-9DCF5AC9AC6D}.AppStore|x64.ActiveCfg = AppStore|iPhone
		{77ED76EE-FBDC-4D9D-A748-9DCF5AC9AC6D}.AppStore|x86.ActiveCfg = AppStore|iPhone
		{77ED76EE-FBDC-4D9D-A748-9DCF5AC9AC6D}.Debug|Any CPU.ActiveCfg = Debug|iPhone
		{77ED76EE-FBDC-4D9D-A748-9DCF5AC9AC6D}.Debug|ARM.ActiveCfg = Debug|iPhone
		{77ED76EE-FBDC-4D9D-A748-9DCF5AC9AC6D}.Debug|iPhone.ActiveCfg = Debug|iPhone
		{77ED76EE-FBDC-4D9D-A748-9DCF5AC9AC6D}.Debug|iPhone.Build.0 = Debug|iPhone
		{77ED76EE-FBDC-4D9D-A748-9DCF5AC9AC6D}.Debug|iPhoneSimulator.ActiveCfg = Debug|iPhoneSimulator
		{77ED76EE-FBDC-4D9D-A748-9DCF5AC9AC6D}.Debug|iPhoneSimulator.Build.0 = Debug|iPhoneSimulator
		{77ED76EE-FBDC-4D9D-A748-9DCF5AC9AC6D}.Debug|x64.ActiveCfg = Debug|iPhone
		{77ED76EE-FBDC-4D9D-A748-9DCF5AC9AC6D}.Debug|x86.ActiveCfg = Debug|iPhone
		{77ED76EE-FBDC-4D9D-A748-9DCF5AC9AC6D}.Release|Any CPU.ActiveCfg = Release|iPhone
		{77ED76EE-FBDC-4D9D-A748-9DCF5AC9AC6D}.Release|ARM.ActiveCfg = Release|iPhone
		{77ED76EE-FBDC-4D9D-A748-9DCF5AC9AC6D}.Release|iPhone.ActiveCfg = Release|iPhone
		{77ED76EE-FBDC-4D9D-A748-9DCF5AC9AC6D}.Release|iPhone.Build.0 = Release|iPhone
		{77ED76EE-FBDC-4D9D-A748-9DCF5AC9AC6D}.Release|iPhoneSimulator.ActiveCfg = Release|iPhoneSimulator
		{77ED76EE-FBDC-4D9D-A748-9DCF5AC9AC6D}.Release|iPhoneSimulator.Build.0 = Release|iPhoneSimulator
		{77ED76EE-FBDC-4D9D-A748-9DCF5AC9AC6D}.Release|x64.ActiveCfg = Release|iPhone
		{77ED76EE-FBDC-4D9D-A748-9DCF5AC9AC6D}.Release|x86.ActiveCfg = Release|iPhone
		{F70E2D1C-E21E-474D-B444-AE5997270FE4}.Ad-Hoc|Any CPU.ActiveCfg = Release|x86
		{F70E2D1C-E21E-474D-B444-AE5997270FE4}.Ad-Hoc|Any CPU.Build.0 = Release|x86
		{F70E2D1C-E21E-474D-B444-AE5997270FE4}.Ad-Hoc|Any CPU.Deploy.0 = Release|x86
		{F70E2D1C-E21E-474D-B444-AE5997270FE4}.Ad-Hoc|ARM.ActiveCfg = Release|ARM
		{F70E2D1C-E21E-474D-B444-AE5997270FE4}.Ad-Hoc|ARM.Build.0 = Release|ARM
		{F70E2D1C-E21E-474D-B444-AE5997270FE4}.Ad-Hoc|ARM.Deploy.0 = Release|ARM
		{F70E2D1C-E21E-474D-B444-AE5997270FE4}.Ad-Hoc|iPhone.ActiveCfg = Release|x86
		{F70E2D1C-E21E-474D-B444-AE5997270FE4}.Ad-Hoc|iPhone.Build.0 = Release|x86
		{F70E2D1C-E21E-474D-B444-AE5997270FE4}.Ad-Hoc|iPhone.Deploy.0 = Release|x86
		{F70E2D1C-E21E-474D-B444-AE5997270FE4}.Ad-Hoc|iPhoneSimulator.ActiveCfg = Release|x86
		{F70E2D1C-E21E-474D-B444-AE5997270FE4}.Ad-Hoc|iPhoneSimulator.Build.0 = Release|x86
		{F70E2D1C-E21E-474D-B444-AE5997270FE4}.Ad-Hoc|iPhoneSimulator.Deploy.0 = Release|x86
		{F70E2D1C-E21E-474D-B444-AE5997270FE4}.Ad-Hoc|x64.ActiveCfg = Release|x64
		{F70E2D1C-E21E-474D-B444-AE5997270FE4}.Ad-Hoc|x64.Build.0 = Release|x64
		{F70E2D1C-E21E-474D-B444-AE5997270FE4}.Ad-Hoc|x64.Deploy.0 = Release|x64
		{F70E2D1C-E21E-474D-B444-AE5997270FE4}.Ad-Hoc|x86.ActiveCfg = Release|x86
		{F70E2D1C-E21E-474D-B444-AE5997270FE4}.Ad-Hoc|x86.Build.0 = Release|x86
		{F70E2D1C-E21E-474D-B444-AE5997270FE4}.Ad-Hoc|x86.Deploy.0 = Release|x86
		{F70E2D1C-E21E-474D-B444-AE5997270FE4}.AppStore|Any CPU.ActiveCfg = Release|x86
		{F70E2D1C-E21E-474D-B444-AE5997270FE4}.AppStore|Any CPU.Build.0 = Release|x86
		{F70E2D1C-E21E-474D-B444-AE5997270FE4}.AppStore|Any CPU.Deploy.0 = Release|x86
		{F70E2D1C-E21E-474D-B444-AE5997270FE4}.AppStore|ARM.ActiveCfg = Release|ARM
		{F70E2D1C-E21E-474D-B444-AE5997270FE4}.AppStore|ARM.Build.0 = Release|ARM
		{F70E2D1C-E21E-474D-B444-AE5997270FE4}.AppStore|ARM.Deploy.0 = Release|ARM
		{F70E2D1C-E21E-474D-B444-AE5997270FE4}.AppStore|iPhone.ActiveCfg = Release|x86
		{F70E2D1C-E21E-474D-B444-AE5997270FE4}.AppStore|iPhone.Build.0 = Release|x86
		{F70E2D1C-E21E-474D-B444-AE5997270FE4}.AppStore|iPhone.Deploy.0 = Release|x86
		{F70E2D1C-E21E-474D-B444-AE5997270FE4}.AppStore|iPhoneSimulator.ActiveCfg = Release|x86
		{F70E2D1C-E21E-474D-B444-AE5997270FE4}.AppStore|iPhoneSimulator.Build.0 = Release|x86
		{F70E2D1C-E21E-474D-B444-AE5997270FE4}.AppStore|iPhoneSimulator.Deploy.0 = Release|x86
		{F70E2D1C-E21E-474D-B444-AE5997270FE4}.AppStore|x64.ActiveCfg = Release|x64
		{F70E2D1C-E21E-474D-B444-AE5997270FE4}.AppStore|x64.Build.0 = Release|x64
		{F70E2D1C-E21E-474D-B444-AE5997270FE4}.AppStore|x64.Deploy.0 = Release|x64
		{F70E2D1C-E21E-474D-B444-AE5997270FE4}.AppStore|x86.ActiveCfg = Release|x86
		{F70E2D1C-E21E-474D-B444-AE5997270FE4}.AppStore|x86.Build.0 = Release|x86
		{F70E2D1C-E21E-474D-B444-AE5997270FE4}.AppStore|x86.Deploy.0 = Release|x86
		{F70E2D1C-E21E-474D-B444-AE5997270FE4}.Debug|Any CPU.ActiveCfg = Debug|x86
		{F70E2D1C-E21E-474D-B444-AE5997270FE4}.Debug|ARM.ActiveCfg = Debug|ARM
		{F70E2D1C-E21E-474D-B444-AE5997270FE4}.Debug|ARM.Build.0 = Debug|ARM
		{F70E2D1C-E21E-474D-B444-AE5997270FE4}.Debug|ARM.Deploy.0 = Debug|ARM
		{F70E2D1C-E21E-474D-B444-AE5997270FE4}.Debug|iPhone.ActiveCfg = Debug|x86
		{F70E2D1C-E21E-474D-B444-AE5997270FE4}.Debug|iPhoneSimulator.ActiveCfg = Debug|x86
		{F70E2D1C-E21E-474D-B444-AE5997270FE4}.Debug|x64.ActiveCfg = Debug|x64
		{F70E2D1C-E21E-474D-B444-AE5997270FE4}.Debug|x64.Build.0 = Debug|x64
		{F70E2D1C-E21E-474D-B444-AE5997270FE4}.Debug|x64.Deploy.0 = Debug|x64
		{F70E2D1C-E21E-474D-B444-AE5997270FE4}.Debug|x86.ActiveCfg = Debug|x86
		{F70E2D1C-E21E-474D-B444-AE5997270FE4}.Debug|x86.Build.0 = Debug|x86
		{F70E2D1C-E21E-474D-B444-AE5997270FE4}.Debug|x86.Deploy.0 = Debug|x86
		{F70E2D1C-E21E-474D-B444-AE5997270FE4}.Release|Any CPU.ActiveCfg = Release|x86
		{F70E2D1C-E21E-474D-B444-AE5997270FE4}.Release|ARM.ActiveCfg = Release|ARM
		{F70E2D1C-E21E-474D-B444-AE5997270FE4}.Release|ARM.Build.0 = Release|ARM
		{F70E2D1C-E21E-474D-B444-AE5997270FE4}.Release|ARM.Deploy.0 = Release|ARM
		{F70E2D1C-E21E-474D-B444-AE5997270FE4}.Release|iPhone.ActiveCfg = Release|x86
		{F70E2D1C-E21E-474D-B444-AE5997270FE4}.Release|iPhoneSimulator.ActiveCfg = Release|x86
		{F70E2D1C-E21E-474D-B444-AE5997270FE4}.Release|x64.ActiveCfg = Release|x64
		{F70E2D1C-E21E-474D-B444-AE5997270FE4}.Release|x64.Build.0 = Release|x64
		{F70E2D1C-E21E-474D-B444-AE5997270FE4}.Release|x64.Deploy.0 = Release|x64
		{F70E2D1C-E21E-474D-B444-AE5997270FE4}.Release|x86.ActiveCfg = Release|x86
		{F70E2D1C-E21E-474D-B444-AE5997270FE4}.Release|x86.Build.0 = Release|x86
		{F70E2D1C-E21E-474D-B444-AE5997270FE4}.Release|x86.Deploy.0 = Release|x86
		{EC808343-E920-4E1D-9B5B-19AAB81FB385}.Ad-Hoc|Any CPU.ActiveCfg = Release|Any CPU
		{EC808343-E920-4E1D-9B5B-19AAB81FB385}.Ad-Hoc|Any CPU.Build.0 = Release|Any CPU
		{EC808343-E920-4E1D-9B5B-19AAB81FB385}.Ad-Hoc|ARM.ActiveCfg = Release|Any CPU
		{EC808343-E920-4E1D-9B5B-19AAB81FB385}.Ad-Hoc|ARM.Build.0 = Release|Any CPU
		{EC808343-E920-4E1D-9B5B-19AAB81FB385}.Ad-Hoc|iPhone.ActiveCfg = Release|Any CPU
		{EC808343-E920-4E1D-9B5B-19AAB81FB385}.Ad-Hoc|iPhone.Build.0 = Release|Any CPU
		{EC808343-E920-4E1D-9B5B-19AAB81FB385}.Ad-Hoc|iPhoneSimulator.ActiveCfg = Release|Any CPU
		{EC808343-E920-4E1D-9B5B-19AAB81FB385}.Ad-Hoc|iPhoneSimulator.Build.0 = Release|Any CPU
		{EC808343-E920-4E1D-9B5B-19AAB81FB385}.Ad-Hoc|x64.ActiveCfg = Release|Any CPU
		{EC808343-E920-4E1D-9B5B-19AAB81FB385}.Ad-Hoc|x64.Build.0 = Release|Any CPU
		{EC808343-E920-4E1D-9B5B-19AAB81FB385}.Ad-Hoc|x86.ActiveCfg = Release|Any CPU
		{EC808343-E920-4E1D-9B5B-19AAB81FB385}.Ad-Hoc|x86.Build.0 = Release|Any CPU
		{EC808343-E920-4E1D-9B5B-19AAB81FB385}.AppStore|Any CPU.ActiveCfg = Release|Any CPU
		{EC808343-E920-4E1D-9B5B-19AAB81FB385}.AppStore|Any CPU.Build.0 = Release|Any CPU
		{EC808343-E920-4E1D-9B5B-19AAB81FB385}.AppStore|ARM.ActiveCfg = Release|Any CPU
		{EC808343-E920-4E1D-9B5B-19AAB81FB385}.AppStore|ARM.Build.0 = Release|Any CPU
		{EC808343-E920-4E1D-9B5B-19AAB81FB385}.AppStore|iPhone.ActiveCfg = Release|Any CPU
		{EC808343-E920-4E1D-9B5B-19AAB81FB385}.AppStore|iPhone.Build.0 = Release|Any CPU
		{EC808343-E920-4E1D-9B5B-19AAB81FB385}.AppStore|iPhoneSimulator.ActiveCfg = Release|Any CPU
		{EC808343-E920-4E1D-9B5B-19AAB81FB385}.AppStore|iPhoneSimulator.Build.0 = Release|Any CPU
		{EC808343-E920-4E1D-9B5B-19AAB81FB385}.AppStore|x64.ActiveCfg = Release|Any CPU
		{EC808343-E920-4E1D-9B5B-19AAB81FB385}.AppStore|x64.Build.0 = Release|Any CPU
		{EC808343-E920-4E1D-9B5B-19AAB81FB385}.AppStore|x86.ActiveCfg = Release|Any CPU
		{EC808343-E920-4E1D-9B5B-19AAB81FB385}.AppStore|x86.Build.0 = Release|Any CPU
		{EC808343-E920-4E1D-9B5B-19AAB81FB385}.Debug|Any CPU.ActiveCfg = Debug|Any CPU
		{EC808343-E920-4E1D-9B5B-19AAB81FB385}.Debug|Any CPU.Build.0 = Debug|Any CPU
		{EC808343-E920-4E1D-9B5B-19AAB81FB385}.Debug|ARM.ActiveCfg = Debug|Any CPU
		{EC808343-E920-4E1D-9B5B-19AAB81FB385}.Debug|ARM.Build.0 = Debug|Any CPU
		{EC808343-E920-4E1D-9B5B-19AAB81FB385}.Debug|iPhone.ActiveCfg = Debug|Any CPU
		{EC808343-E920-4E1D-9B5B-19AAB81FB385}.Debug|iPhone.Build.0 = Debug|Any CPU
		{EC808343-E920-4E1D-9B5B-19AAB81FB385}.Debug|iPhoneSimulator.ActiveCfg = Debug|Any CPU
		{EC808343-E920-4E1D-9B5B-19AAB81FB385}.Debug|iPhoneSimulator.Build.0 = Debug|Any CPU
		{EC808343-E920-4E1D-9B5B-19AAB81FB385}.Debug|x64.ActiveCfg = Debug|Any CPU
		{EC808343-E920-4E1D-9B5B-19AAB81FB385}.Debug|x64.Build.0 = Debug|Any CPU
		{EC808343-E920-4E1D-9B5B-19AAB81FB385}.Debug|x86.ActiveCfg = Debug|Any CPU
		{EC808343-E920-4E1D-9B5B-19AAB81FB385}.Debug|x86.Build.0 = Debug|Any CPU
		{EC808343-E920-4E1D-9B5B-19AAB81FB385}.Release|Any CPU.ActiveCfg = Release|Any CPU
		{EC808343-E920-4E1D-9B5B-19AAB81FB385}.Release|Any CPU.Build.0 = Release|Any CPU
		{EC808343-E920-4E1D-9B5B-19AAB81FB385}.Release|ARM.ActiveCfg = Release|Any CPU
		{EC808343-E920-4E1D-9B5B-19AAB81FB385}.Release|ARM.Build.0 = Release|Any CPU
		{EC808343-E920-4E1D-9B5B-19AAB81FB385}.Release|iPhone.ActiveCfg = Release|Any CPU
		{EC808343-E920-4E1D-9B5B-19AAB81FB385}.Release|iPhone.Build.0 = Release|Any CPU
		{EC808343-E920-4E1D-9B5B-19AAB81FB385}.Release|iPhoneSimulator.ActiveCfg = Release|Any CPU
		{EC808343-E920-4E1D-9B5B-19AAB81FB385}.Release|iPhoneSimulator.Build.0 = Release|Any CPU
		{EC808343-E920-4E1D-9B5B-19AAB81FB385}.Release|x64.ActiveCfg = Release|Any CPU
		{EC808343-E920-4E1D-9B5B-19AAB81FB385}.Release|x64.Build.0 = Release|Any CPU
		{EC808343-E920-4E1D-9B5B-19AAB81FB385}.Release|x86.ActiveCfg = Release|Any CPU
		{EC808343-E920-4E1D-9B5B-19AAB81FB385}.Release|x86.Build.0 = Release|Any CPU
		{85BBB52E-6C52-49C0-A4DE-4C8F4FFB9AC5}.Ad-Hoc|Any CPU.ActiveCfg = Release|Any CPU
		{85BBB52E-6C52-49C0-A4DE-4C8F4FFB9AC5}.Ad-Hoc|Any CPU.Build.0 = Release|Any CPU
		{85BBB52E-6C52-49C0-A4DE-4C8F4FFB9AC5}.Ad-Hoc|ARM.ActiveCfg = Release|Any CPU
		{85BBB52E-6C52-49C0-A4DE-4C8F4FFB9AC5}.Ad-Hoc|ARM.Build.0 = Release|Any CPU
		{85BBB52E-6C52-49C0-A4DE-4C8F4FFB9AC5}.Ad-Hoc|iPhone.ActiveCfg = Release|Any CPU
		{85BBB52E-6C52-49C0-A4DE-4C8F4FFB9AC5}.Ad-Hoc|iPhone.Build.0 = Release|Any CPU
		{85BBB52E-6C52-49C0-A4DE-4C8F4FFB9AC5}.Ad-Hoc|iPhoneSimulator.ActiveCfg = Release|Any CPU
		{85BBB52E-6C52-49C0-A4DE-4C8F4FFB9AC5}.Ad-Hoc|iPhoneSimulator.Build.0 = Release|Any CPU
		{85BBB52E-6C52-49C0-A4DE-4C8F4FFB9AC5}.Ad-Hoc|x64.ActiveCfg = Release|Any CPU
		{85BBB52E-6C52-49C0-A4DE-4C8F4FFB9AC5}.Ad-Hoc|x64.Build.0 = Release|Any CPU
		{85BBB52E-6C52-49C0-A4DE-4C8F4FFB9AC5}.Ad-Hoc|x86.ActiveCfg = Release|Any CPU
		{85BBB52E-6C52-49C0-A4DE-4C8F4FFB9AC5}.Ad-Hoc|x86.Build.0 = Release|Any CPU
		{85BBB52E-6C52-49C0-A4DE-4C8F4FFB9AC5}.AppStore|Any CPU.ActiveCfg = Release|Any CPU
		{85BBB52E-6C52-49C0-A4DE-4C8F4FFB9AC5}.AppStore|Any CPU.Build.0 = Release|Any CPU
		{85BBB52E-6C52-49C0-A4DE-4C8F4FFB9AC5}.AppStore|ARM.ActiveCfg = Release|Any CPU
		{85BBB52E-6C52-49C0-A4DE-4C8F4FFB9AC5}.AppStore|ARM.Build.0 = Release|Any CPU
		{85BBB52E-6C52-49C0-A4DE-4C8F4FFB9AC5}.AppStore|iPhone.ActiveCfg = Release|Any CPU
		{85BBB52E-6C52-49C0-A4DE-4C8F4FFB9AC5}.AppStore|iPhone.Build.0 = Release|Any CPU
		{85BBB52E-6C52-49C0-A4DE-4C8F4FFB9AC5}.AppStore|iPhoneSimulator.ActiveCfg = Release|Any CPU
		{85BBB52E-6C52-49C0-A4DE-4C8F4FFB9AC5}.AppStore|iPhoneSimulator.Build.0 = Release|Any CPU
		{85BBB52E-6C52-49C0-A4DE-4C8F4FFB9AC5}.AppStore|x64.ActiveCfg = Release|Any CPU
		{85BBB52E-6C52-49C0-A4DE-4C8F4FFB9AC5}.AppStore|x64.Build.0 = Release|Any CPU
		{85BBB52E-6C52-49C0-A4DE-4C8F4FFB9AC5}.AppStore|x86.ActiveCfg = Release|Any CPU
		{85BBB52E-6C52-49C0-A4DE-4C8F4FFB9AC5}.AppStore|x86.Build.0 = Release|Any CPU
		{85BBB52E-6C52-49C0-A4DE-4C8F4FFB9AC5}.Debug|Any CPU.ActiveCfg = Debug|Any CPU
		{85BBB52E-6C52-49C0-A4DE-4C8F4FFB9AC5}.Debug|Any CPU.Build.0 = Debug|Any CPU
		{85BBB52E-6C52-49C0-A4DE-4C8F4FFB9AC5}.Debug|ARM.ActiveCfg = Debug|Any CPU
		{85BBB52E-6C52-49C0-A4DE-4C8F4FFB9AC5}.Debug|ARM.Build.0 = Debug|Any CPU
		{85BBB52E-6C52-49C0-A4DE-4C8F4FFB9AC5}.Debug|iPhone.ActiveCfg = Debug|Any CPU
		{85BBB52E-6C52-49C0-A4DE-4C8F4FFB9AC5}.Debug|iPhone.Build.0 = Debug|Any CPU
		{85BBB52E-6C52-49C0-A4DE-4C8F4FFB9AC5}.Debug|iPhoneSimulator.ActiveCfg = Debug|Any CPU
		{85BBB52E-6C52-49C0-A4DE-4C8F4FFB9AC5}.Debug|iPhoneSimulator.Build.0 = Debug|Any CPU
		{85BBB52E-6C52-49C0-A4DE-4C8F4FFB9AC5}.Debug|x64.ActiveCfg = Debug|Any CPU
		{85BBB52E-6C52-49C0-A4DE-4C8F4FFB9AC5}.Debug|x64.Build.0 = Debug|Any CPU
		{85BBB52E-6C52-49C0-A4DE-4C8F4FFB9AC5}.Debug|x86.ActiveCfg = Debug|Any CPU
		{85BBB52E-6C52-49C0-A4DE-4C8F4FFB9AC5}.Debug|x86.Build.0 = Debug|Any CPU
		{85BBB52E-6C52-49C0-A4DE-4C8F4FFB9AC5}.Release|Any CPU.ActiveCfg = Release|Any CPU
		{85BBB52E-6C52-49C0-A4DE-4C8F4FFB9AC5}.Release|Any CPU.Build.0 = Release|Any CPU
		{85BBB52E-6C52-49C0-A4DE-4C8F4FFB9AC5}.Release|ARM.ActiveCfg = Release|Any CPU
		{85BBB52E-6C52-49C0-A4DE-4C8F4FFB9AC5}.Release|ARM.Build.0 = Release|Any CPU
		{85BBB52E-6C52-49C0-A4DE-4C8F4FFB9AC5}.Release|iPhone.ActiveCfg = Release|Any CPU
		{85BBB52E-6C52-49C0-A4DE-4C8F4FFB9AC5}.Release|iPhone.Build.0 = Release|Any CPU
		{85BBB52E-6C52-49C0-A4DE-4C8F4FFB9AC5}.Release|iPhoneSimulator.ActiveCfg = Release|Any CPU
		{85BBB52E-6C52-49C0-A4DE-4C8F4FFB9AC5}.Release|iPhoneSimulator.Build.0 = Release|Any CPU
		{85BBB52E-6C52-49C0-A4DE-4C8F4FFB9AC5}.Release|x64.ActiveCfg = Release|Any CPU
		{85BBB52E-6C52-49C0-A4DE-4C8F4FFB9AC5}.Release|x64.Build.0 = Release|Any CPU
		{85BBB52E-6C52-49C0-A4DE-4C8F4FFB9AC5}.Release|x86.ActiveCfg = Release|Any CPU
		{85BBB52E-6C52-49C0-A4DE-4C8F4FFB9AC5}.Release|x86.Build.0 = Release|Any CPU
		{FFA2B18B-013D-4515-B636-86FB0A56CCD7}.Ad-Hoc|Any CPU.ActiveCfg = Release|Any CPU
		{FFA2B18B-013D-4515-B636-86FB0A56CCD7}.Ad-Hoc|Any CPU.Build.0 = Release|Any CPU
		{FFA2B18B-013D-4515-B636-86FB0A56CCD7}.Ad-Hoc|ARM.ActiveCfg = Release|Any CPU
		{FFA2B18B-013D-4515-B636-86FB0A56CCD7}.Ad-Hoc|ARM.Build.0 = Release|Any CPU
		{FFA2B18B-013D-4515-B636-86FB0A56CCD7}.Ad-Hoc|iPhone.ActiveCfg = Release|Any CPU
		{FFA2B18B-013D-4515-B636-86FB0A56CCD7}.Ad-Hoc|iPhone.Build.0 = Release|Any CPU
		{FFA2B18B-013D-4515-B636-86FB0A56CCD7}.Ad-Hoc|iPhoneSimulator.ActiveCfg = Release|Any CPU
		{FFA2B18B-013D-4515-B636-86FB0A56CCD7}.Ad-Hoc|iPhoneSimulator.Build.0 = Release|Any CPU
		{FFA2B18B-013D-4515-B636-86FB0A56CCD7}.Ad-Hoc|x64.ActiveCfg = Release|Any CPU
		{FFA2B18B-013D-4515-B636-86FB0A56CCD7}.Ad-Hoc|x64.Build.0 = Release|Any CPU
		{FFA2B18B-013D-4515-B636-86FB0A56CCD7}.Ad-Hoc|x86.ActiveCfg = Release|Any CPU
		{FFA2B18B-013D-4515-B636-86FB0A56CCD7}.Ad-Hoc|x86.Build.0 = Release|Any CPU
		{FFA2B18B-013D-4515-B636-86FB0A56CCD7}.AppStore|Any CPU.ActiveCfg = Release|Any CPU
		{FFA2B18B-013D-4515-B636-86FB0A56CCD7}.AppStore|Any CPU.Build.0 = Release|Any CPU
		{FFA2B18B-013D-4515-B636-86FB0A56CCD7}.AppStore|ARM.ActiveCfg = Release|Any CPU
		{FFA2B18B-013D-4515-B636-86FB0A56CCD7}.AppStore|ARM.Build.0 = Release|Any CPU
		{FFA2B18B-013D-4515-B636-86FB0A56CCD7}.AppStore|iPhone.ActiveCfg = Release|Any CPU
		{FFA2B18B-013D-4515-B636-86FB0A56CCD7}.AppStore|iPhone.Build.0 = Release|Any CPU
		{FFA2B18B-013D-4515-B636-86FB0A56CCD7}.AppStore|iPhoneSimulator.ActiveCfg = Release|Any CPU
		{FFA2B18B-013D-4515-B636-86FB0A56CCD7}.AppStore|iPhoneSimulator.Build.0 = Release|Any CPU
		{FFA2B18B-013D-4515-B636-86FB0A56CCD7}.AppStore|x64.ActiveCfg = Release|Any CPU
		{FFA2B18B-013D-4515-B636-86FB0A56CCD7}.AppStore|x64.Build.0 = Release|Any CPU
		{FFA2B18B-013D-4515-B636-86FB0A56CCD7}.AppStore|x86.ActiveCfg = Release|Any CPU
		{FFA2B18B-013D-4515-B636-86FB0A56CCD7}.AppStore|x86.Build.0 = Release|Any CPU
		{FFA2B18B-013D-4515-B636-86FB0A56CCD7}.Debug|Any CPU.ActiveCfg = Debug|Any CPU
		{FFA2B18B-013D-4515-B636-86FB0A56CCD7}.Debug|Any CPU.Build.0 = Debug|Any CPU
		{FFA2B18B-013D-4515-B636-86FB0A56CCD7}.Debug|Any CPU.Deploy.0 = Debug|Any CPU
		{FFA2B18B-013D-4515-B636-86FB0A56CCD7}.Debug|ARM.ActiveCfg = Debug|Any CPU
		{FFA2B18B-013D-4515-B636-86FB0A56CCD7}.Debug|ARM.Build.0 = Debug|Any CPU
		{FFA2B18B-013D-4515-B636-86FB0A56CCD7}.Debug|iPhone.ActiveCfg = Debug|Any CPU
		{FFA2B18B-013D-4515-B636-86FB0A56CCD7}.Debug|iPhone.Build.0 = Debug|Any CPU
		{FFA2B18B-013D-4515-B636-86FB0A56CCD7}.Debug|iPhoneSimulator.ActiveCfg = Debug|Any CPU
		{FFA2B18B-013D-4515-B636-86FB0A56CCD7}.Debug|iPhoneSimulator.Build.0 = Debug|Any CPU
		{FFA2B18B-013D-4515-B636-86FB0A56CCD7}.Debug|x64.ActiveCfg = Debug|Any CPU
		{FFA2B18B-013D-4515-B636-86FB0A56CCD7}.Debug|x64.Build.0 = Debug|Any CPU
		{FFA2B18B-013D-4515-B636-86FB0A56CCD7}.Debug|x86.ActiveCfg = Debug|Any CPU
		{FFA2B18B-013D-4515-B636-86FB0A56CCD7}.Debug|x86.Build.0 = Debug|Any CPU
		{FFA2B18B-013D-4515-B636-86FB0A56CCD7}.Release|Any CPU.ActiveCfg = Release|Any CPU
		{FFA2B18B-013D-4515-B636-86FB0A56CCD7}.Release|Any CPU.Build.0 = Release|Any CPU
		{FFA2B18B-013D-4515-B636-86FB0A56CCD7}.Release|Any CPU.Deploy.0 = Release|Any CPU
		{FFA2B18B-013D-4515-B636-86FB0A56CCD7}.Release|ARM.ActiveCfg = Release|Any CPU
		{FFA2B18B-013D-4515-B636-86FB0A56CCD7}.Release|ARM.Build.0 = Release|Any CPU
		{FFA2B18B-013D-4515-B636-86FB0A56CCD7}.Release|iPhone.ActiveCfg = Release|Any CPU
		{FFA2B18B-013D-4515-B636-86FB0A56CCD7}.Release|iPhone.Build.0 = Release|Any CPU
		{FFA2B18B-013D-4515-B636-86FB0A56CCD7}.Release|iPhoneSimulator.ActiveCfg = Release|Any CPU
		{FFA2B18B-013D-4515-B636-86FB0A56CCD7}.Release|iPhoneSimulator.Build.0 = Release|Any CPU
		{FFA2B18B-013D-4515-B636-86FB0A56CCD7}.Release|x64.ActiveCfg = Release|Any CPU
		{FFA2B18B-013D-4515-B636-86FB0A56CCD7}.Release|x64.Build.0 = Release|Any CPU
		{FFA2B18B-013D-4515-B636-86FB0A56CCD7}.Release|x86.ActiveCfg = Release|Any CPU
		{FFA2B18B-013D-4515-B636-86FB0A56CCD7}.Release|x86.Build.0 = Release|Any CPU
		{625D2973-271A-4CBF-AD9B-23A0A0B31DD4}.Ad-Hoc|Any CPU.ActiveCfg = Release|Any CPU
		{625D2973-271A-4CBF-AD9B-23A0A0B31DD4}.Ad-Hoc|Any CPU.Build.0 = Release|Any CPU
		{625D2973-271A-4CBF-AD9B-23A0A0B31DD4}.Ad-Hoc|ARM.ActiveCfg = Release|Any CPU
		{625D2973-271A-4CBF-AD9B-23A0A0B31DD4}.Ad-Hoc|ARM.Build.0 = Release|Any CPU
		{625D2973-271A-4CBF-AD9B-23A0A0B31DD4}.Ad-Hoc|iPhone.ActiveCfg = Release|Any CPU
		{625D2973-271A-4CBF-AD9B-23A0A0B31DD4}.Ad-Hoc|iPhone.Build.0 = Release|Any CPU
		{625D2973-271A-4CBF-AD9B-23A0A0B31DD4}.Ad-Hoc|iPhoneSimulator.ActiveCfg = Release|Any CPU
		{625D2973-271A-4CBF-AD9B-23A0A0B31DD4}.Ad-Hoc|iPhoneSimulator.Build.0 = Release|Any CPU
		{625D2973-271A-4CBF-AD9B-23A0A0B31DD4}.Ad-Hoc|x64.ActiveCfg = Release|Any CPU
		{625D2973-271A-4CBF-AD9B-23A0A0B31DD4}.Ad-Hoc|x64.Build.0 = Release|Any CPU
		{625D2973-271A-4CBF-AD9B-23A0A0B31DD4}.Ad-Hoc|x86.ActiveCfg = Release|Any CPU
		{625D2973-271A-4CBF-AD9B-23A0A0B31DD4}.Ad-Hoc|x86.Build.0 = Release|Any CPU
		{625D2973-271A-4CBF-AD9B-23A0A0B31DD4}.AppStore|Any CPU.ActiveCfg = Release|Any CPU
		{625D2973-271A-4CBF-AD9B-23A0A0B31DD4}.AppStore|Any CPU.Build.0 = Release|Any CPU
		{625D2973-271A-4CBF-AD9B-23A0A0B31DD4}.AppStore|ARM.ActiveCfg = Release|Any CPU
		{625D2973-271A-4CBF-AD9B-23A0A0B31DD4}.AppStore|ARM.Build.0 = Release|Any CPU
		{625D2973-271A-4CBF-AD9B-23A0A0B31DD4}.AppStore|iPhone.ActiveCfg = Release|Any CPU
		{625D2973-271A-4CBF-AD9B-23A0A0B31DD4}.AppStore|iPhone.Build.0 = Release|Any CPU
		{625D2973-271A-4CBF-AD9B-23A0A0B31DD4}.AppStore|iPhoneSimulator.ActiveCfg = Release|Any CPU
		{625D2973-271A-4CBF-AD9B-23A0A0B31DD4}.AppStore|iPhoneSimulator.Build.0 = Release|Any CPU
		{625D2973-271A-4CBF-AD9B-23A0A0B31DD4}.AppStore|x64.ActiveCfg = Release|Any CPU
		{625D2973-271A-4CBF-AD9B-23A0A0B31DD4}.AppStore|x64.Build.0 = Release|Any CPU
		{625D2973-271A-4CBF-AD9B-23A0A0B31DD4}.AppStore|x86.ActiveCfg = Release|Any CPU
		{625D2973-271A-4CBF-AD9B-23A0A0B31DD4}.AppStore|x86.Build.0 = Release|Any CPU
		{625D2973-271A-4CBF-AD9B-23A0A0B31DD4}.Debug|Any CPU.ActiveCfg = Debug|Any CPU
		{625D2973-271A-4CBF-AD9B-23A0A0B31DD4}.Debug|Any CPU.Build.0 = Debug|Any CPU
		{625D2973-271A-4CBF-AD9B-23A0A0B31DD4}.Debug|ARM.ActiveCfg = Debug|Any CPU
		{625D2973-271A-4CBF-AD9B-23A0A0B31DD4}.Debug|ARM.Build.0 = Debug|Any CPU
		{625D2973-271A-4CBF-AD9B-23A0A0B31DD4}.Debug|iPhone.ActiveCfg = Debug|Any CPU
		{625D2973-271A-4CBF-AD9B-23A0A0B31DD4}.Debug|iPhone.Build.0 = Debug|Any CPU
		{625D2973-271A-4CBF-AD9B-23A0A0B31DD4}.Debug|iPhoneSimulator.ActiveCfg = Debug|Any CPU
		{625D2973-271A-4CBF-AD9B-23A0A0B31DD4}.Debug|iPhoneSimulator.Build.0 = Debug|Any CPU
		{625D2973-271A-4CBF-AD9B-23A0A0B31DD4}.Debug|x64.ActiveCfg = Debug|Any CPU
		{625D2973-271A-4CBF-AD9B-23A0A0B31DD4}.Debug|x64.Build.0 = Debug|Any CPU
		{625D2973-271A-4CBF-AD9B-23A0A0B31DD4}.Debug|x86.ActiveCfg = Debug|Any CPU
		{625D2973-271A-4CBF-AD9B-23A0A0B31DD4}.Debug|x86.Build.0 = Debug|Any CPU
		{625D2973-271A-4CBF-AD9B-23A0A0B31DD4}.Release|Any CPU.ActiveCfg = Release|Any CPU
		{625D2973-271A-4CBF-AD9B-23A0A0B31DD4}.Release|Any CPU.Build.0 = Release|Any CPU
		{625D2973-271A-4CBF-AD9B-23A0A0B31DD4}.Release|ARM.ActiveCfg = Release|Any CPU
		{625D2973-271A-4CBF-AD9B-23A0A0B31DD4}.Release|ARM.Build.0 = Release|Any CPU
		{625D2973-271A-4CBF-AD9B-23A0A0B31DD4}.Release|iPhone.ActiveCfg = Release|Any CPU
		{625D2973-271A-4CBF-AD9B-23A0A0B31DD4}.Release|iPhone.Build.0 = Release|Any CPU
		{625D2973-271A-4CBF-AD9B-23A0A0B31DD4}.Release|iPhoneSimulator.ActiveCfg = Release|Any CPU
		{625D2973-271A-4CBF-AD9B-23A0A0B31DD4}.Release|iPhoneSimulator.Build.0 = Release|Any CPU
		{625D2973-271A-4CBF-AD9B-23A0A0B31DD4}.Release|x64.ActiveCfg = Release|Any CPU
		{625D2973-271A-4CBF-AD9B-23A0A0B31DD4}.Release|x64.Build.0 = Release|Any CPU
		{625D2973-271A-4CBF-AD9B-23A0A0B31DD4}.Release|x86.ActiveCfg = Release|Any CPU
		{625D2973-271A-4CBF-AD9B-23A0A0B31DD4}.Release|x86.Build.0 = Release|Any CPU
		{0EDACB6E-C82F-44E1-BFBB-327442002D6E}.Ad-Hoc|Any CPU.ActiveCfg = Release|x64
		{0EDACB6E-C82F-44E1-BFBB-327442002D6E}.Ad-Hoc|Any CPU.Build.0 = Release|x64
		{0EDACB6E-C82F-44E1-BFBB-327442002D6E}.Ad-Hoc|Any CPU.Deploy.0 = Release|x64
		{0EDACB6E-C82F-44E1-BFBB-327442002D6E}.Ad-Hoc|ARM.ActiveCfg = Release|ARM
		{0EDACB6E-C82F-44E1-BFBB-327442002D6E}.Ad-Hoc|ARM.Build.0 = Release|ARM
		{0EDACB6E-C82F-44E1-BFBB-327442002D6E}.Ad-Hoc|ARM.Deploy.0 = Release|ARM
		{0EDACB6E-C82F-44E1-BFBB-327442002D6E}.Ad-Hoc|ARM64.ActiveCfg = Release|ARM64
		{0EDACB6E-C82F-44E1-BFBB-327442002D6E}.Ad-Hoc|ARM64.Build.0 = Release|ARM64
		{0EDACB6E-C82F-44E1-BFBB-327442002D6E}.Ad-Hoc|ARM64.Deploy.0 = Release|ARM64
		{0EDACB6E-C82F-44E1-BFBB-327442002D6E}.Ad-Hoc|iPhone.ActiveCfg = Release|x64
		{0EDACB6E-C82F-44E1-BFBB-327442002D6E}.Ad-Hoc|iPhone.Build.0 = Release|x64
		{0EDACB6E-C82F-44E1-BFBB-327442002D6E}.Ad-Hoc|iPhone.Deploy.0 = Release|x64
		{0EDACB6E-C82F-44E1-BFBB-327442002D6E}.Ad-Hoc|iPhoneSimulator.ActiveCfg = Release|x64
		{0EDACB6E-C82F-44E1-BFBB-327442002D6E}.Ad-Hoc|iPhoneSimulator.Build.0 = Release|x64
		{0EDACB6E-C82F-44E1-BFBB-327442002D6E}.Ad-Hoc|iPhoneSimulator.Deploy.0 = Release|x64
		{0EDACB6E-C82F-44E1-BFBB-327442002D6E}.Ad-Hoc|x64.ActiveCfg = Release|x64
		{0EDACB6E-C82F-44E1-BFBB-327442002D6E}.Ad-Hoc|x64.Build.0 = Release|x64
		{0EDACB6E-C82F-44E1-BFBB-327442002D6E}.Ad-Hoc|x64.Deploy.0 = Release|x64
		{0EDACB6E-C82F-44E1-BFBB-327442002D6E}.Ad-Hoc|x86.ActiveCfg = Release|x86
		{0EDACB6E-C82F-44E1-BFBB-327442002D6E}.Ad-Hoc|x86.Build.0 = Release|x86
		{0EDACB6E-C82F-44E1-BFBB-327442002D6E}.Ad-Hoc|x86.Deploy.0 = Release|x86
		{0EDACB6E-C82F-44E1-BFBB-327442002D6E}.AppStore|Any CPU.ActiveCfg = Release|x64
		{0EDACB6E-C82F-44E1-BFBB-327442002D6E}.AppStore|Any CPU.Build.0 = Release|x64
		{0EDACB6E-C82F-44E1-BFBB-327442002D6E}.AppStore|Any CPU.Deploy.0 = Release|x64
		{0EDACB6E-C82F-44E1-BFBB-327442002D6E}.AppStore|ARM.ActiveCfg = Release|ARM
		{0EDACB6E-C82F-44E1-BFBB-327442002D6E}.AppStore|ARM.Build.0 = Release|ARM
		{0EDACB6E-C82F-44E1-BFBB-327442002D6E}.AppStore|ARM.Deploy.0 = Release|ARM
		{0EDACB6E-C82F-44E1-BFBB-327442002D6E}.AppStore|ARM64.ActiveCfg = Release|ARM64
		{0EDACB6E-C82F-44E1-BFBB-327442002D6E}.AppStore|ARM64.Build.0 = Release|ARM64
		{0EDACB6E-C82F-44E1-BFBB-327442002D6E}.AppStore|ARM64.Deploy.0 = Release|ARM64
		{0EDACB6E-C82F-44E1-BFBB-327442002D6E}.AppStore|iPhone.ActiveCfg = Release|x64
		{0EDACB6E-C82F-44E1-BFBB-327442002D6E}.AppStore|iPhone.Build.0 = Release|x64
		{0EDACB6E-C82F-44E1-BFBB-327442002D6E}.AppStore|iPhone.Deploy.0 = Release|x64
		{0EDACB6E-C82F-44E1-BFBB-327442002D6E}.AppStore|iPhoneSimulator.ActiveCfg = Release|x64
		{0EDACB6E-C82F-44E1-BFBB-327442002D6E}.AppStore|iPhoneSimulator.Build.0 = Release|x64
		{0EDACB6E-C82F-44E1-BFBB-327442002D6E}.AppStore|iPhoneSimulator.Deploy.0 = Release|x64
		{0EDACB6E-C82F-44E1-BFBB-327442002D6E}.AppStore|x64.ActiveCfg = Release|x64
		{0EDACB6E-C82F-44E1-BFBB-327442002D6E}.AppStore|x64.Build.0 = Release|x64
		{0EDACB6E-C82F-44E1-BFBB-327442002D6E}.AppStore|x64.Deploy.0 = Release|x64
		{0EDACB6E-C82F-44E1-BFBB-327442002D6E}.AppStore|x86.ActiveCfg = Release|x86
		{0EDACB6E-C82F-44E1-BFBB-327442002D6E}.AppStore|x86.Build.0 = Release|x86
		{0EDACB6E-C82F-44E1-BFBB-327442002D6E}.AppStore|x86.Deploy.0 = Release|x86
		{0EDACB6E-C82F-44E1-BFBB-327442002D6E}.Debug|Any CPU.ActiveCfg = Debug|x86
		{0EDACB6E-C82F-44E1-BFBB-327442002D6E}.Debug|ARM.ActiveCfg = Debug|ARM
		{0EDACB6E-C82F-44E1-BFBB-327442002D6E}.Debug|ARM.Build.0 = Debug|ARM
		{0EDACB6E-C82F-44E1-BFBB-327442002D6E}.Debug|ARM.Deploy.0 = Debug|ARM
		{0EDACB6E-C82F-44E1-BFBB-327442002D6E}.Debug|ARM64.ActiveCfg = Debug|ARM64
		{0EDACB6E-C82F-44E1-BFBB-327442002D6E}.Debug|ARM64.Build.0 = Debug|ARM64
		{0EDACB6E-C82F-44E1-BFBB-327442002D6E}.Debug|ARM64.Deploy.0 = Debug|ARM64
		{0EDACB6E-C82F-44E1-BFBB-327442002D6E}.Debug|iPhone.ActiveCfg = Debug|x86
		{0EDACB6E-C82F-44E1-BFBB-327442002D6E}.Debug|iPhoneSimulator.ActiveCfg = Debug|x86
		{0EDACB6E-C82F-44E1-BFBB-327442002D6E}.Debug|x64.ActiveCfg = Debug|x64
		{0EDACB6E-C82F-44E1-BFBB-327442002D6E}.Debug|x64.Build.0 = Debug|x64
		{0EDACB6E-C82F-44E1-BFBB-327442002D6E}.Debug|x64.Deploy.0 = Debug|x64
		{0EDACB6E-C82F-44E1-BFBB-327442002D6E}.Debug|x86.ActiveCfg = Debug|x86
		{0EDACB6E-C82F-44E1-BFBB-327442002D6E}.Debug|x86.Build.0 = Debug|x86
		{0EDACB6E-C82F-44E1-BFBB-327442002D6E}.Debug|x86.Deploy.0 = Debug|x86
		{0EDACB6E-C82F-44E1-BFBB-327442002D6E}.Release|Any CPU.ActiveCfg = Release|x86
		{0EDACB6E-C82F-44E1-BFBB-327442002D6E}.Release|ARM.ActiveCfg = Release|ARM
		{0EDACB6E-C82F-44E1-BFBB-327442002D6E}.Release|ARM.Build.0 = Release|ARM
		{0EDACB6E-C82F-44E1-BFBB-327442002D6E}.Release|ARM.Deploy.0 = Release|ARM
		{0EDACB6E-C82F-44E1-BFBB-327442002D6E}.Release|ARM64.ActiveCfg = Release|ARM64
		{0EDACB6E-C82F-44E1-BFBB-327442002D6E}.Release|ARM64.Build.0 = Release|ARM64
		{0EDACB6E-C82F-44E1-BFBB-327442002D6E}.Release|ARM64.Deploy.0 = Release|ARM64
		{0EDACB6E-C82F-44E1-BFBB-327442002D6E}.Release|iPhone.ActiveCfg = Release|x86
		{0EDACB6E-C82F-44E1-BFBB-327442002D6E}.Release|iPhoneSimulator.ActiveCfg = Release|x86
		{0EDACB6E-C82F-44E1-BFBB-327442002D6E}.Release|x64.ActiveCfg = Release|x64
		{0EDACB6E-C82F-44E1-BFBB-327442002D6E}.Release|x64.Build.0 = Release|x64
		{0EDACB6E-C82F-44E1-BFBB-327442002D6E}.Release|x64.Deploy.0 = Release|x64
		{0EDACB6E-C82F-44E1-BFBB-327442002D6E}.Release|x86.ActiveCfg = Release|x86
		{0EDACB6E-C82F-44E1-BFBB-327442002D6E}.Release|x86.Build.0 = Release|x86
		{0EDACB6E-C82F-44E1-BFBB-327442002D6E}.Release|x86.Deploy.0 = Release|x86
	EndGlobalSection
	GlobalSection(SolutionProperties) = preSolution
		HideSolutionNode = FALSE
	EndGlobalSection
	GlobalSection(ExtensibilityGlobals) = postSolution
		SolutionGuid = {F6D05029-56B8-4E45-AF2D-0E76295DDBA2}
	EndGlobalSection
EndGlobal
